// !$*UTF8*$!
{
	archiveVersion = 1;
	classes = {
	};
	objectVersion = 56;
	objects = {

/* Begin PBXBuildFile section */
		202B01FD2AB1AE64004C70AF /* GoogleService-Info.plist in Resources */ = {isa = PBXBuildFile; fileRef = 202B01FC2AB1AE64004C70AF /* GoogleService-Info.plist */; };
		202B02002AB1AF38004C70AF /* FirebaseAnalytics in Frameworks */ = {isa = PBXBuildFile; productRef = 202B01FF2AB1AF38004C70AF /* FirebaseAnalytics */; };
		202B02022AB1AF38004C70AF /* FirebaseAnalyticsWithoutAdIdSupport in Frameworks */ = {isa = PBXBuildFile; productRef = 202B02012AB1AF38004C70AF /* FirebaseAnalyticsWithoutAdIdSupport */; };
		202B02042AB1AF38004C70AF /* FirebaseAuth in Frameworks */ = {isa = PBXBuildFile; productRef = 202B02032AB1AF38004C70AF /* FirebaseAuth */; };
		202B02062AB1AF38004C70AF /* FirebaseDatabase in Frameworks */ = {isa = PBXBuildFile; productRef = 202B02052AB1AF38004C70AF /* FirebaseDatabase */; };
		202B02082AB1AF38004C70AF /* FirebaseFirestore in Frameworks */ = {isa = PBXBuildFile; productRef = 202B02072AB1AF38004C70AF /* FirebaseFirestore */; };
		202B020A2AB1D2D0004C70AF /* ProfileFields.swift in Sources */ = {isa = PBXBuildFile; fileRef = 202B02092AB1D2D0004C70AF /* ProfileFields.swift */; };
		202B020D2AB1E27D004C70AF /* FirebaseFirestoreSwift in Frameworks */ = {isa = PBXBuildFile; productRef = 202B020C2AB1E27D004C70AF /* FirebaseFirestoreSwift */; };
		202B020F2AB22F81004C70AF /* UserProfile.swift in Sources */ = {isa = PBXBuildFile; fileRef = 202B020E2AB22F81004C70AF /* UserProfile.swift */; };
		20D372342AAC63450095041A /* AppDelegate.swift in Sources */ = {isa = PBXBuildFile; fileRef = 20D372332AAC63450095041A /* AppDelegate.swift */; };
		20D372362AAC63450095041A /* SceneDelegate.swift in Sources */ = {isa = PBXBuildFile; fileRef = 20D372352AAC63450095041A /* SceneDelegate.swift */; };
		20D372382AAC63450095041A /* AuthorisedViewController.swift in Sources */ = {isa = PBXBuildFile; fileRef = 20D372372AAC63450095041A /* AuthorisedViewController.swift */; };
		20D3723D2AAC63480095041A /* Assets.xcassets in Resources */ = {isa = PBXBuildFile; fileRef = 20D3723C2AAC63480095041A /* Assets.xcassets */; };
		20D372402AAC63480095041A /* LaunchScreen.storyboard in Resources */ = {isa = PBXBuildFile; fileRef = 20D3723E2AAC63480095041A /* LaunchScreen.storyboard */; };
		20D3724C2AAC68E50095041A /* AuthorisedView.swift in Sources */ = {isa = PBXBuildFile; fileRef = 20D3724B2AAC68E50095041A /* AuthorisedView.swift */; };
		20D3724F2AAC7AAD0095041A /* TitleConstants.swift in Sources */ = {isa = PBXBuildFile; fileRef = 20D3724E2AAC7AAD0095041A /* TitleConstants.swift */; };
		20D372512AAC83B30095041A /* UIView+Extension.swift in Sources */ = {isa = PBXBuildFile; fileRef = 20D372502AAC83B30095041A /* UIView+Extension.swift */; };
		20D372542AADA9E00095041A /* EnterViewController.swift in Sources */ = {isa = PBXBuildFile; fileRef = 20D372532AADA9E00095041A /* EnterViewController.swift */; };
		9C2C64082AAF3EFF003F0B73 /* TextField + Extension.swift in Sources */ = {isa = PBXBuildFile; fileRef = 9C2C64072AAF3EFF003F0B73 /* TextField + Extension.swift */; };
		9C2C640B2AB301B4003F0B73 /* AuthenticationManager.swift in Sources */ = {isa = PBXBuildFile; fileRef = 9C2C640A2AB301B4003F0B73 /* AuthenticationManager.swift */; };
		9C2C640D2AB3028A003F0B73 /* SessionState.swift in Sources */ = {isa = PBXBuildFile; fileRef = 9C2C640C2AB3028A003F0B73 /* SessionState.swift */; };
		9C2C64102AB30704003F0B73 /* ViewController + Alert.swift in Sources */ = {isa = PBXBuildFile; fileRef = 9C2C640F2AB30704003F0B73 /* ViewController + Alert.swift */; };
		9C2C64122AB30A94003F0B73 /* AuthorizeError.swift in Sources */ = {isa = PBXBuildFile; fileRef = 9C2C64112AB30A94003F0B73 /* AuthorizeError.swift */; };
		9C2C64172AB3782C003F0B73 /* GoogleSignIn in Frameworks */ = {isa = PBXBuildFile; productRef = 9C2C64162AB3782C003F0B73 /* GoogleSignIn */; };
		9C2C64192AB3782C003F0B73 /* GoogleSignInSwift in Frameworks */ = {isa = PBXBuildFile; productRef = 9C2C64182AB3782C003F0B73 /* GoogleSignInSwift */; };
		9C2C641B2AB4376A003F0B73 /* ProfileViewController.swift in Sources */ = {isa = PBXBuildFile; fileRef = 9C2C641A2AB4376A003F0B73 /* ProfileViewController.swift */; };
		9CE132332AAE3C0100527002 /* ImageConstants.swift in Sources */ = {isa = PBXBuildFile; fileRef = 9CE132322AAE3C0100527002 /* ImageConstants.swift */; };
		9CE132352AAEF0F500527002 /* ChoiseNumbersViewController.swift in Sources */ = {isa = PBXBuildFile; fileRef = 9CE132342AAEF0F500527002 /* ChoiseNumbersViewController.swift */; };
/* End PBXBuildFile section */

/* Begin PBXFileReference section */
		202B01FC2AB1AE64004C70AF /* GoogleService-Info.plist */ = {isa = PBXFileReference; fileEncoding = 4; lastKnownFileType = text.plist.xml; path = "GoogleService-Info.plist"; sourceTree = "<group>"; };
		202B02092AB1D2D0004C70AF /* ProfileFields.swift */ = {isa = PBXFileReference; lastKnownFileType = sourcecode.swift; path = ProfileFields.swift; sourceTree = "<group>"; };
		202B020E2AB22F81004C70AF /* UserProfile.swift */ = {isa = PBXFileReference; lastKnownFileType = sourcecode.swift; path = UserProfile.swift; sourceTree = "<group>"; };
		20D372332AAC63450095041A /* AppDelegate.swift */ = {isa = PBXFileReference; lastKnownFileType = sourcecode.swift; path = AppDelegate.swift; sourceTree = "<group>"; };
		20D372352AAC63450095041A /* SceneDelegate.swift */ = {isa = PBXFileReference; lastKnownFileType = sourcecode.swift; path = SceneDelegate.swift; sourceTree = "<group>"; };
		20D372372AAC63450095041A /* AuthorisedViewController.swift */ = {isa = PBXFileReference; lastKnownFileType = sourcecode.swift; path = AuthorisedViewController.swift; sourceTree = "<group>"; };
		20D3723C2AAC63480095041A /* Assets.xcassets */ = {isa = PBXFileReference; lastKnownFileType = folder.assetcatalog; path = Assets.xcassets; sourceTree = "<group>"; };
		20D3723F2AAC63480095041A /* Base */ = {isa = PBXFileReference; lastKnownFileType = file.storyboard; name = Base; path = Base.lproj/LaunchScreen.storyboard; sourceTree = "<group>"; };
		20D372412AAC63480095041A /* Info.plist */ = {isa = PBXFileReference; lastKnownFileType = text.plist.xml; path = Info.plist; sourceTree = "<group>"; };
		20D3724B2AAC68E50095041A /* AuthorisedView.swift */ = {isa = PBXFileReference; lastKnownFileType = sourcecode.swift; path = AuthorisedView.swift; sourceTree = "<group>"; };
		20D3724E2AAC7AAD0095041A /* TitleConstants.swift */ = {isa = PBXFileReference; lastKnownFileType = sourcecode.swift; path = TitleConstants.swift; sourceTree = "<group>"; };
		20D372502AAC83B30095041A /* UIView+Extension.swift */ = {isa = PBXFileReference; lastKnownFileType = sourcecode.swift; path = "UIView+Extension.swift"; sourceTree = "<group>"; };
		20D372532AADA9E00095041A /* EnterViewController.swift */ = {isa = PBXFileReference; lastKnownFileType = sourcecode.swift; path = EnterViewController.swift; sourceTree = "<group>"; };
		9C2C64072AAF3EFF003F0B73 /* TextField + Extension.swift */ = {isa = PBXFileReference; lastKnownFileType = sourcecode.swift; path = "TextField + Extension.swift"; sourceTree = "<group>"; };
		9C2C640A2AB301B4003F0B73 /* AuthenticationManager.swift */ = {isa = PBXFileReference; lastKnownFileType = sourcecode.swift; path = AuthenticationManager.swift; sourceTree = "<group>"; };
		9C2C640C2AB3028A003F0B73 /* SessionState.swift */ = {isa = PBXFileReference; lastKnownFileType = sourcecode.swift; path = SessionState.swift; sourceTree = "<group>"; };
		9C2C640F2AB30704003F0B73 /* ViewController + Alert.swift */ = {isa = PBXFileReference; lastKnownFileType = sourcecode.swift; path = "ViewController + Alert.swift"; sourceTree = "<group>"; };
		9C2C64112AB30A94003F0B73 /* AuthorizeError.swift */ = {isa = PBXFileReference; lastKnownFileType = sourcecode.swift; path = AuthorizeError.swift; sourceTree = "<group>"; };
		9C2C64142AB35FD2003F0B73 /* Interesting_Numbers.app */ = {isa = PBXFileReference; explicitFileType = wrapper.application; includeInIndex = 0; path = Interesting_Numbers.app; sourceTree = BUILT_PRODUCTS_DIR; };
		9C2C641A2AB4376A003F0B73 /* ProfileViewController.swift */ = {isa = PBXFileReference; lastKnownFileType = sourcecode.swift; path = ProfileViewController.swift; sourceTree = "<group>"; };
		9CE132322AAE3C0100527002 /* ImageConstants.swift */ = {isa = PBXFileReference; lastKnownFileType = sourcecode.swift; path = ImageConstants.swift; sourceTree = "<group>"; };
		9CE132342AAEF0F500527002 /* ChoiseNumbersViewController.swift */ = {isa = PBXFileReference; lastKnownFileType = sourcecode.swift; path = ChoiseNumbersViewController.swift; sourceTree = "<group>"; };
/* End PBXFileReference section */

/* Begin PBXFrameworksBuildPhase section */
		20D3722D2AAC63450095041A /* Frameworks */ = {
			isa = PBXFrameworksBuildPhase;
			buildActionMask = 2147483647;
			files = (
				202B02002AB1AF38004C70AF /* FirebaseAnalytics in Frameworks */,
				202B02042AB1AF38004C70AF /* FirebaseAuth in Frameworks */,
				202B02062AB1AF38004C70AF /* FirebaseDatabase in Frameworks */,
				9C2C64192AB3782C003F0B73 /* GoogleSignInSwift in Frameworks */,
				202B02082AB1AF38004C70AF /* FirebaseFirestore in Frameworks */,
				202B02022AB1AF38004C70AF /* FirebaseAnalyticsWithoutAdIdSupport in Frameworks */,
				202B020D2AB1E27D004C70AF /* FirebaseFirestoreSwift in Frameworks */,
				9C2C64172AB3782C003F0B73 /* GoogleSignIn in Frameworks */,
			);
			runOnlyForDeploymentPostprocessing = 0;
		};
/* End PBXFrameworksBuildPhase section */

/* Begin PBXGroup section */
		202B02102AB22F88004C70AF /* Model */ = {
			isa = PBXGroup;
			children = (
				202B020E2AB22F81004C70AF /* UserProfile.swift */,
			);
			path = Model;
			sourceTree = "<group>";
		};
		20D372272AAC63450095041A = {
			isa = PBXGroup;
			children = (
				20D372322AAC63450095041A /* InterestingNumbers */,
				9C2C64142AB35FD2003F0B73 /* Interesting_Numbers.app */,
			);
			sourceTree = "<group>";
		};
		20D372322AAC63450095041A /* InterestingNumbers */ = {
			isa = PBXGroup;
			children = (
				20D372472AAC64C90095041A /* Applications */,
				20D372522AAC83BB0095041A /* Extensions */,
				20D3724D2AAC7A7B0095041A /* Enums */,
				9C2C64092AB30187003F0B73 /* Managers */,
				202B02102AB22F88004C70AF /* Model */,
				9C2C640E2AB303DC003F0B73 /* ViewModel */,
				20D372482AAC64E00095041A /* Controllers */,
				20D3724A2AAC68960095041A /* Views */,
				20D372492AAC650D0095041A /* Resources */,
			);
			path = InterestingNumbers;
			sourceTree = "<group>";
		};
		20D372472AAC64C90095041A /* Applications */ = {
			isa = PBXGroup;
			children = (
				20D372332AAC63450095041A /* AppDelegate.swift */,
				20D372352AAC63450095041A /* SceneDelegate.swift */,
			);
			path = Applications;
			sourceTree = "<group>";
		};
		20D372482AAC64E00095041A /* Controllers */ = {
			isa = PBXGroup;
			children = (
				20D372532AADA9E00095041A /* EnterViewController.swift */,
				20D372372AAC63450095041A /* AuthorisedViewController.swift */,
				9CE132342AAEF0F500527002 /* ChoiseNumbersViewController.swift */,
				9C2C641A2AB4376A003F0B73 /* ProfileViewController.swift */,
			);
			path = Controllers;
			sourceTree = "<group>";
		};
		20D372492AAC650D0095041A /* Resources */ = {
			isa = PBXGroup;
			children = (
				20D3723E2AAC63480095041A /* LaunchScreen.storyboard */,
				20D3723C2AAC63480095041A /* Assets.xcassets */,
				20D372412AAC63480095041A /* Info.plist */,
				202B01FC2AB1AE64004C70AF /* GoogleService-Info.plist */,
			);
			path = Resources;
			sourceTree = "<group>";
		};
		20D3724A2AAC68960095041A /* Views */ = {
			isa = PBXGroup;
			children = (
				20D3724B2AAC68E50095041A /* AuthorisedView.swift */,
			);
			path = Views;
			sourceTree = "<group>";
		};
		20D3724D2AAC7A7B0095041A /* Enums */ = {
			isa = PBXGroup;
			children = (
				20D3724E2AAC7AAD0095041A /* TitleConstants.swift */,
				9CE132322AAE3C0100527002 /* ImageConstants.swift */,
				202B02092AB1D2D0004C70AF /* ProfileFields.swift */,
				9C2C640C2AB3028A003F0B73 /* SessionState.swift */,
				9C2C64112AB30A94003F0B73 /* AuthorizeError.swift */,
			);
			path = Enums;
			sourceTree = "<group>";
		};
		20D372522AAC83BB0095041A /* Extensions */ = {
			isa = PBXGroup;
			children = (
				20D372502AAC83B30095041A /* UIView+Extension.swift */,
				9C2C640F2AB30704003F0B73 /* ViewController + Alert.swift */,
				9C2C64072AAF3EFF003F0B73 /* TextField + Extension.swift */,
			);
			path = Extensions;
			sourceTree = "<group>";
		};
		9C2C64092AB30187003F0B73 /* Managers */ = {
			isa = PBXGroup;
			children = (
				9C2C640A2AB301B4003F0B73 /* AuthenticationManager.swift */,
			);
			path = Managers;
			sourceTree = "<group>";
		};
		9C2C640E2AB303DC003F0B73 /* ViewModel */ = {
			isa = PBXGroup;
			children = (
			);
			path = ViewModel;
			sourceTree = "<group>";
		};
/* End PBXGroup section */

/* Begin PBXNativeTarget section */
		20D3722F2AAC63450095041A /* Interesting_Numbers */ = {
			isa = PBXNativeTarget;
			buildConfigurationList = 20D372442AAC63480095041A /* Build configuration list for PBXNativeTarget "Interesting_Numbers" */;
			buildPhases = (
				20D3722C2AAC63450095041A /* Sources */,
				20D3722D2AAC63450095041A /* Frameworks */,
				20D3722E2AAC63450095041A /* Resources */,
			);
			buildRules = (
			);
			dependencies = (
			);
			name = Interesting_Numbers;
			packageProductDependencies = (
				202B01FF2AB1AF38004C70AF /* FirebaseAnalytics */,
				202B02012AB1AF38004C70AF /* FirebaseAnalyticsWithoutAdIdSupport */,
				202B02032AB1AF38004C70AF /* FirebaseAuth */,
				202B02052AB1AF38004C70AF /* FirebaseDatabase */,
				202B02072AB1AF38004C70AF /* FirebaseFirestore */,
				202B020C2AB1E27D004C70AF /* FirebaseFirestoreSwift */,
				9C2C64162AB3782C003F0B73 /* GoogleSignIn */,
				9C2C64182AB3782C003F0B73 /* GoogleSignInSwift */,
			);
			productName = InterestingNumbers;
			productReference = 9C2C64142AB35FD2003F0B73 /* Interesting_Numbers.app */;
			productType = "com.apple.product-type.application";
		};
/* End PBXNativeTarget section */

/* Begin PBXProject section */
		20D372282AAC63450095041A /* Project object */ = {
			isa = PBXProject;
			attributes = {
				BuildIndependentTargetsInParallel = 1;
				LastSwiftUpdateCheck = 1430;
				LastUpgradeCheck = 1430;
				TargetAttributes = {
					20D3722F2AAC63450095041A = {
						CreatedOnToolsVersion = 14.3.1;
					};
				};
			};
			buildConfigurationList = 20D3722B2AAC63450095041A /* Build configuration list for PBXProject "Interesting_Numbers" */;
			compatibilityVersion = "Xcode 14.0";
			developmentRegion = en;
			hasScannedForEncodings = 0;
			knownRegions = (
				en,
				Base,
			);
			mainGroup = 20D372272AAC63450095041A;
			packageReferences = (
				202B01FE2AB1AF38004C70AF /* XCRemoteSwiftPackageReference "firebase-ios-sdk" */,
				9C2C64152AB3782C003F0B73 /* XCRemoteSwiftPackageReference "GoogleSignIn-iOS" */,
			);
			productRefGroup = 20D372272AAC63450095041A;
			projectDirPath = "";
			projectRoot = "";
			targets = (
				20D3722F2AAC63450095041A /* Interesting_Numbers */,
			);
		};
/* End PBXProject section */

/* Begin PBXResourcesBuildPhase section */
		20D3722E2AAC63450095041A /* Resources */ = {
			isa = PBXResourcesBuildPhase;
			buildActionMask = 2147483647;
			files = (
				20D372402AAC63480095041A /* LaunchScreen.storyboard in Resources */,
				20D3723D2AAC63480095041A /* Assets.xcassets in Resources */,
				202B01FD2AB1AE64004C70AF /* GoogleService-Info.plist in Resources */,
			);
			runOnlyForDeploymentPostprocessing = 0;
		};
/* End PBXResourcesBuildPhase section */

/* Begin PBXSourcesBuildPhase section */
		20D3722C2AAC63450095041A /* Sources */ = {
			isa = PBXSourcesBuildPhase;
			buildActionMask = 2147483647;
			files = (
				20D372512AAC83B30095041A /* UIView+Extension.swift in Sources */,
				20D372542AADA9E00095041A /* EnterViewController.swift in Sources */,
				9C2C640D2AB3028A003F0B73 /* SessionState.swift in Sources */,
				9CE132352AAEF0F500527002 /* ChoiseNumbersViewController.swift in Sources */,
				9C2C64122AB30A94003F0B73 /* AuthorizeError.swift in Sources */,
				202B020F2AB22F81004C70AF /* UserProfile.swift in Sources */,
				20D372382AAC63450095041A /* AuthorisedViewController.swift in Sources */,
				9C2C641B2AB4376A003F0B73 /* ProfileViewController.swift in Sources */,
				20D3724C2AAC68E50095041A /* AuthorisedView.swift in Sources */,
				20D372342AAC63450095041A /* AppDelegate.swift in Sources */,
				9C2C640B2AB301B4003F0B73 /* AuthenticationManager.swift in Sources */,
				20D372362AAC63450095041A /* SceneDelegate.swift in Sources */,
				20D3724F2AAC7AAD0095041A /* TitleConstants.swift in Sources */,
				202B020A2AB1D2D0004C70AF /* ProfileFields.swift in Sources */,
				9C2C64102AB30704003F0B73 /* ViewController + Alert.swift in Sources */,
				9CE132332AAE3C0100527002 /* ImageConstants.swift in Sources */,
				9C2C64082AAF3EFF003F0B73 /* TextField + Extension.swift in Sources */,
			);
			runOnlyForDeploymentPostprocessing = 0;
		};
/* End PBXSourcesBuildPhase section */

/* Begin PBXVariantGroup section */
		20D3723E2AAC63480095041A /* LaunchScreen.storyboard */ = {
			isa = PBXVariantGroup;
			children = (
				20D3723F2AAC63480095041A /* Base */,
			);
			name = LaunchScreen.storyboard;
			sourceTree = "<group>";
		};
/* End PBXVariantGroup section */

/* Begin XCBuildConfiguration section */
		20D372422AAC63480095041A /* Debug */ = {
			isa = XCBuildConfiguration;
			buildSettings = {
				ALWAYS_SEARCH_USER_PATHS = NO;
				CLANG_ANALYZER_NONNULL = YES;
				CLANG_ANALYZER_NUMBER_OBJECT_CONVERSION = YES_AGGRESSIVE;
				CLANG_CXX_LANGUAGE_STANDARD = "gnu++20";
				CLANG_ENABLE_MODULES = YES;
				CLANG_ENABLE_OBJC_ARC = YES;
				CLANG_ENABLE_OBJC_WEAK = YES;
				CLANG_WARN_BLOCK_CAPTURE_AUTORELEASING = YES;
				CLANG_WARN_BOOL_CONVERSION = YES;
				CLANG_WARN_COMMA = YES;
				CLANG_WARN_CONSTANT_CONVERSION = YES;
				CLANG_WARN_DEPRECATED_OBJC_IMPLEMENTATIONS = YES;
				CLANG_WARN_DIRECT_OBJC_ISA_USAGE = YES_ERROR;
				CLANG_WARN_DOCUMENTATION_COMMENTS = YES;
				CLANG_WARN_EMPTY_BODY = YES;
				CLANG_WARN_ENUM_CONVERSION = YES;
				CLANG_WARN_INFINITE_RECURSION = YES;
				CLANG_WARN_INT_CONVERSION = YES;
				CLANG_WARN_NON_LITERAL_NULL_CONVERSION = YES;
				CLANG_WARN_OBJC_IMPLICIT_RETAIN_SELF = YES;
				CLANG_WARN_OBJC_LITERAL_CONVERSION = YES;
				CLANG_WARN_OBJC_ROOT_CLASS = YES_ERROR;
				CLANG_WARN_QUOTED_INCLUDE_IN_FRAMEWORK_HEADER = YES;
				CLANG_WARN_RANGE_LOOP_ANALYSIS = YES;
				CLANG_WARN_STRICT_PROTOTYPES = YES;
				CLANG_WARN_SUSPICIOUS_MOVE = YES;
				CLANG_WARN_UNGUARDED_AVAILABILITY = YES_AGGRESSIVE;
				CLANG_WARN_UNREACHABLE_CODE = YES;
				CLANG_WARN__DUPLICATE_METHOD_MATCH = YES;
				COPY_PHASE_STRIP = NO;
				DEBUG_INFORMATION_FORMAT = dwarf;
				ENABLE_STRICT_OBJC_MSGSEND = YES;
				ENABLE_TESTABILITY = YES;
				GCC_C_LANGUAGE_STANDARD = gnu11;
				GCC_DYNAMIC_NO_PIC = NO;
				GCC_NO_COMMON_BLOCKS = YES;
				GCC_OPTIMIZATION_LEVEL = 0;
				GCC_PREPROCESSOR_DEFINITIONS = (
					"DEBUG=1",
					"$(inherited)",
				);
				GCC_WARN_64_TO_32_BIT_CONVERSION = YES;
				GCC_WARN_ABOUT_RETURN_TYPE = YES_ERROR;
				GCC_WARN_UNDECLARED_SELECTOR = YES;
				GCC_WARN_UNINITIALIZED_AUTOS = YES_AGGRESSIVE;
				GCC_WARN_UNUSED_FUNCTION = YES;
				GCC_WARN_UNUSED_VARIABLE = YES;
				IPHONEOS_DEPLOYMENT_TARGET = 16.4;
				MTL_ENABLE_DEBUG_INFO = INCLUDE_SOURCE;
				MTL_FAST_MATH = YES;
				ONLY_ACTIVE_ARCH = YES;
				SDKROOT = iphoneos;
				SWIFT_ACTIVE_COMPILATION_CONDITIONS = DEBUG;
				SWIFT_OPTIMIZATION_LEVEL = "-Onone";
			};
			name = Debug;
		};
		20D372432AAC63480095041A /* Release */ = {
			isa = XCBuildConfiguration;
			buildSettings = {
				ALWAYS_SEARCH_USER_PATHS = NO;
				CLANG_ANALYZER_NONNULL = YES;
				CLANG_ANALYZER_NUMBER_OBJECT_CONVERSION = YES_AGGRESSIVE;
				CLANG_CXX_LANGUAGE_STANDARD = "gnu++20";
				CLANG_ENABLE_MODULES = YES;
				CLANG_ENABLE_OBJC_ARC = YES;
				CLANG_ENABLE_OBJC_WEAK = YES;
				CLANG_WARN_BLOCK_CAPTURE_AUTORELEASING = YES;
				CLANG_WARN_BOOL_CONVERSION = YES;
				CLANG_WARN_COMMA = YES;
				CLANG_WARN_CONSTANT_CONVERSION = YES;
				CLANG_WARN_DEPRECATED_OBJC_IMPLEMENTATIONS = YES;
				CLANG_WARN_DIRECT_OBJC_ISA_USAGE = YES_ERROR;
				CLANG_WARN_DOCUMENTATION_COMMENTS = YES;
				CLANG_WARN_EMPTY_BODY = YES;
				CLANG_WARN_ENUM_CONVERSION = YES;
				CLANG_WARN_INFINITE_RECURSION = YES;
				CLANG_WARN_INT_CONVERSION = YES;
				CLANG_WARN_NON_LITERAL_NULL_CONVERSION = YES;
				CLANG_WARN_OBJC_IMPLICIT_RETAIN_SELF = YES;
				CLANG_WARN_OBJC_LITERAL_CONVERSION = YES;
				CLANG_WARN_OBJC_ROOT_CLASS = YES_ERROR;
				CLANG_WARN_QUOTED_INCLUDE_IN_FRAMEWORK_HEADER = YES;
				CLANG_WARN_RANGE_LOOP_ANALYSIS = YES;
				CLANG_WARN_STRICT_PROTOTYPES = YES;
				CLANG_WARN_SUSPICIOUS_MOVE = YES;
				CLANG_WARN_UNGUARDED_AVAILABILITY = YES_AGGRESSIVE;
				CLANG_WARN_UNREACHABLE_CODE = YES;
				CLANG_WARN__DUPLICATE_METHOD_MATCH = YES;
				COPY_PHASE_STRIP = NO;
				DEBUG_INFORMATION_FORMAT = "dwarf-with-dsym";
				ENABLE_NS_ASSERTIONS = NO;
				ENABLE_STRICT_OBJC_MSGSEND = YES;
				GCC_C_LANGUAGE_STANDARD = gnu11;
				GCC_NO_COMMON_BLOCKS = YES;
				GCC_WARN_64_TO_32_BIT_CONVERSION = YES;
				GCC_WARN_ABOUT_RETURN_TYPE = YES_ERROR;
				GCC_WARN_UNDECLARED_SELECTOR = YES;
				GCC_WARN_UNINITIALIZED_AUTOS = YES_AGGRESSIVE;
				GCC_WARN_UNUSED_FUNCTION = YES;
				GCC_WARN_UNUSED_VARIABLE = YES;
				IPHONEOS_DEPLOYMENT_TARGET = 16.4;
				MTL_ENABLE_DEBUG_INFO = NO;
				MTL_FAST_MATH = YES;
				SDKROOT = iphoneos;
				SWIFT_COMPILATION_MODE = wholemodule;
				SWIFT_OPTIMIZATION_LEVEL = "-O";
				VALIDATE_PRODUCT = YES;
			};
			name = Release;
		};
		20D372452AAC63480095041A /* Debug */ = {
			isa = XCBuildConfiguration;
			buildSettings = {
				ASSETCATALOG_COMPILER_APPICON_NAME = AppIcon;
				ASSETCATALOG_COMPILER_GLOBAL_ACCENT_COLOR_NAME = AccentColor;
				CODE_SIGN_STYLE = Automatic;
				CURRENT_PROJECT_VERSION = 1;
				DEVELOPMENT_TEAM = P54RYJ8289;
				GENERATE_INFOPLIST_FILE = YES;
				INFOPLIST_FILE = InterestingNumbers/Resources/Info.plist;
				INFOPLIST_KEY_UIApplicationSupportsIndirectInputEvents = YES;
				INFOPLIST_KEY_UILaunchStoryboardName = LaunchScreen;
				INFOPLIST_KEY_UISupportedInterfaceOrientations_iPad = "UIInterfaceOrientationPortrait UIInterfaceOrientationPortraitUpsideDown UIInterfaceOrientationLandscapeLeft UIInterfaceOrientationLandscapeRight";
				INFOPLIST_KEY_UISupportedInterfaceOrientations_iPhone = "UIInterfaceOrientationPortrait UIInterfaceOrientationLandscapeLeft UIInterfaceOrientationLandscapeRight";
				LD_RUNPATH_SEARCH_PATHS = (
					"$(inherited)",
					"@executable_path/Frameworks",
				);
				MARKETING_VERSION = 1.0;
				PRODUCT_BUNDLE_IDENTIFIER = sud.InterestingNumbers;
				PRODUCT_NAME = "$(TARGET_NAME)";
				SWIFT_EMIT_LOC_STRINGS = YES;
				SWIFT_VERSION = 5.0;
				TARGETED_DEVICE_FAMILY = "1,2";
			};
			name = Debug;
		};
		20D372462AAC63480095041A /* Release */ = {
			isa = XCBuildConfiguration;
			buildSettings = {
				ASSETCATALOG_COMPILER_APPICON_NAME = AppIcon;
				ASSETCATALOG_COMPILER_GLOBAL_ACCENT_COLOR_NAME = AccentColor;
				CODE_SIGN_STYLE = Automatic;
				CURRENT_PROJECT_VERSION = 1;
				DEVELOPMENT_TEAM = P54RYJ8289;
				GENERATE_INFOPLIST_FILE = YES;
				INFOPLIST_FILE = InterestingNumbers/Resources/Info.plist;
				INFOPLIST_KEY_UIApplicationSupportsIndirectInputEvents = YES;
				INFOPLIST_KEY_UILaunchStoryboardName = LaunchScreen;
				INFOPLIST_KEY_UISupportedInterfaceOrientations_iPad = "UIInterfaceOrientationPortrait UIInterfaceOrientationPortraitUpsideDown UIInterfaceOrientationLandscapeLeft UIInterfaceOrientationLandscapeRight";
				INFOPLIST_KEY_UISupportedInterfaceOrientations_iPhone = "UIInterfaceOrientationPortrait UIInterfaceOrientationLandscapeLeft UIInterfaceOrientationLandscapeRight";
				LD_RUNPATH_SEARCH_PATHS = (
					"$(inherited)",
					"@executable_path/Frameworks",
				);
				MARKETING_VERSION = 1.0;
				PRODUCT_BUNDLE_IDENTIFIER = sud.InterestingNumbers;
				PRODUCT_NAME = "$(TARGET_NAME)";
				SWIFT_EMIT_LOC_STRINGS = YES;
				SWIFT_VERSION = 5.0;
				TARGETED_DEVICE_FAMILY = "1,2";
			};
			name = Release;
		};
/* End XCBuildConfiguration section */

/* Begin XCConfigurationList section */
		20D3722B2AAC63450095041A /* Build configuration list for PBXProject "Interesting_Numbers" */ = {
			isa = XCConfigurationList;
			buildConfigurations = (
				20D372422AAC63480095041A /* Debug */,
				20D372432AAC63480095041A /* Release */,
			);
			defaultConfigurationIsVisible = 0;
			defaultConfigurationName = Release;
		};
		20D372442AAC63480095041A /* Build configuration list for PBXNativeTarget "Interesting_Numbers" */ = {
			isa = XCConfigurationList;
			buildConfigurations = (
				20D372452AAC63480095041A /* Debug */,
				20D372462AAC63480095041A /* Release */,
			);
			defaultConfigurationIsVisible = 0;
			defaultConfigurationName = Release;
		};
/* End XCConfigurationList section */

/* Begin XCRemoteSwiftPackageReference section */
		202B01FE2AB1AF38004C70AF /* XCRemoteSwiftPackageReference "firebase-ios-sdk" */ = {
			isa = XCRemoteSwiftPackageReference;
			repositoryURL = "https://github.com/firebase/firebase-ios-sdk";
			requirement = {
				kind = upToNextMajorVersion;
				minimumVersion = 10.0.0;
			};
		};
		9C2C64152AB3782C003F0B73 /* XCRemoteSwiftPackageReference "GoogleSignIn-iOS" */ = {
			isa = XCRemoteSwiftPackageReference;
			repositoryURL = "https://github.com/google/GoogleSignIn-iOS";
			requirement = {
				kind = upToNextMajorVersion;
				minimumVersion = 7.0.0;
			};
		};
/* End XCRemoteSwiftPackageReference section */

/* Begin XCSwiftPackageProductDependency section */
		202B01FF2AB1AF38004C70AF /* FirebaseAnalytics */ = {
			isa = XCSwiftPackageProductDependency;
			package = 202B01FE2AB1AF38004C70AF /* XCRemoteSwiftPackageReference "firebase-ios-sdk" */;
			productName = FirebaseAnalytics;
		};
		202B02012AB1AF38004C70AF /* FirebaseAnalyticsWithoutAdIdSupport */ = {
			isa = XCSwiftPackageProductDependency;
			package = 202B01FE2AB1AF38004C70AF /* XCRemoteSwiftPackageReference "firebase-ios-sdk" */;
			productName = FirebaseAnalyticsWithoutAdIdSupport;
		};
		202B02032AB1AF38004C70AF /* FirebaseAuth */ = {
			isa = XCSwiftPackageProductDependency;
			package = 202B01FE2AB1AF38004C70AF /* XCRemoteSwiftPackageReference "firebase-ios-sdk" */;
			productName = FirebaseAuth;
		};
		202B02052AB1AF38004C70AF /* FirebaseDatabase */ = {
			isa = XCSwiftPackageProductDependency;
			package = 202B01FE2AB1AF38004C70AF /* XCRemoteSwiftPackageReference "firebase-ios-sdk" */;
			productName = FirebaseDatabase;
		};
		202B02072AB1AF38004C70AF /* FirebaseFirestore */ = {
			isa = XCSwiftPackageProductDependency;
			package = 202B01FE2AB1AF38004C70AF /* XCRemoteSwiftPackageReference "firebase-ios-sdk" */;
			productName = FirebaseFirestore;
		};
		202B020C2AB1E27D004C70AF /* FirebaseFirestoreSwift */ = {
			isa = XCSwiftPackageProductDependency;
			package = 202B01FE2AB1AF38004C70AF /* XCRemoteSwiftPackageReference "firebase-ios-sdk" */;
			productName = FirebaseFirestoreSwift;
		};
		9C2C64162AB3782C003F0B73 /* GoogleSignIn */ = {
			isa = XCSwiftPackageProductDependency;
			package = 9C2C64152AB3782C003F0B73 /* XCRemoteSwiftPackageReference "GoogleSignIn-iOS" */;
			productName = GoogleSignIn;
		};
		9C2C64182AB3782C003F0B73 /* GoogleSignInSwift */ = {
			isa = XCSwiftPackageProductDependency;
			package = 9C2C64152AB3782C003F0B73 /* XCRemoteSwiftPackageReference "GoogleSignIn-iOS" */;
			productName = GoogleSignInSwift;
		};
/* End XCSwiftPackageProductDependency section */
	};
	rootObject = 20D372282AAC63450095041A /* Project object */;
}
