// !$*UTF8*$!
{
	archiveVersion = 1;
	classes = {
	};
	objectVersion = 56;
	objects = {

/* Begin PBXBuildFile section */
		202B02002AB1AF38004C70AF /* FirebaseAnalytics in Frameworks */ = {isa = PBXBuildFile; productRef = 202B01FF2AB1AF38004C70AF /* FirebaseAnalytics */; };
		202B02022AB1AF38004C70AF /* FirebaseAnalyticsWithoutAdIdSupport in Frameworks */ = {isa = PBXBuildFile; productRef = 202B02012AB1AF38004C70AF /* FirebaseAnalyticsWithoutAdIdSupport */; };
		202B02042AB1AF38004C70AF /* FirebaseAuth in Frameworks */ = {isa = PBXBuildFile; productRef = 202B02032AB1AF38004C70AF /* FirebaseAuth */; };
		202B02062AB1AF38004C70AF /* FirebaseDatabase in Frameworks */ = {isa = PBXBuildFile; productRef = 202B02052AB1AF38004C70AF /* FirebaseDatabase */; };
		202B02082AB1AF38004C70AF /* FirebaseFirestore in Frameworks */ = {isa = PBXBuildFile; productRef = 202B02072AB1AF38004C70AF /* FirebaseFirestore */; };
		202B020D2AB1E27D004C70AF /* FirebaseFirestoreSwift in Frameworks */ = {isa = PBXBuildFile; productRef = 202B020C2AB1E27D004C70AF /* FirebaseFirestoreSwift */; };
		202B020F2AB22F81004C70AF /* UserProfile.swift in Sources */ = {isa = PBXBuildFile; fileRef = 202B020E2AB22F81004C70AF /* UserProfile.swift */; };
		20D372342AAC63450095041A /* AppDelegate.swift in Sources */ = {isa = PBXBuildFile; fileRef = 20D372332AAC63450095041A /* AppDelegate.swift */; };
		20D372362AAC63450095041A /* SceneDelegate.swift in Sources */ = {isa = PBXBuildFile; fileRef = 20D372352AAC63450095041A /* SceneDelegate.swift */; };
		20D372382AAC63450095041A /* AuthorisedViewController.swift in Sources */ = {isa = PBXBuildFile; fileRef = 20D372372AAC63450095041A /* AuthorisedViewController.swift */; };
		20D3723D2AAC63480095041A /* Assets.xcassets in Resources */ = {isa = PBXBuildFile; fileRef = 20D3723C2AAC63480095041A /* Assets.xcassets */; };
		20D372402AAC63480095041A /* LaunchScreen.storyboard in Resources */ = {isa = PBXBuildFile; fileRef = 20D3723E2AAC63480095041A /* LaunchScreen.storyboard */; };
		20D3724C2AAC68E50095041A /* AuthorisedView.swift in Sources */ = {isa = PBXBuildFile; fileRef = 20D3724B2AAC68E50095041A /* AuthorisedView.swift */; };
		20D3724F2AAC7AAD0095041A /* TitleConstants.swift in Sources */ = {isa = PBXBuildFile; fileRef = 20D3724E2AAC7AAD0095041A /* TitleConstants.swift */; };
		20D372512AAC83B30095041A /* UIView+Extension.swift in Sources */ = {isa = PBXBuildFile; fileRef = 20D372502AAC83B30095041A /* UIView+Extension.swift */; };
		20D372542AADA9E00095041A /* EnterViewController.swift in Sources */ = {isa = PBXBuildFile; fileRef = 20D372532AADA9E00095041A /* EnterViewController.swift */; };
		9C0796332AC9F7A5002E91F3 /* AuthorizedViewModelTest.swift in Sources */ = {isa = PBXBuildFile; fileRef = 9C0796322AC9F7A5002E91F3 /* AuthorizedViewModelTest.swift */; };
		9C07963A2AC9FB36002E91F3 /* FirebaseAnalytics in Frameworks */ = {isa = PBXBuildFile; productRef = 9C0796392AC9FB36002E91F3 /* FirebaseAnalytics */; };
		9C07963E2AC9FB42002E91F3 /* FirebaseAppCheck in Frameworks */ = {isa = PBXBuildFile; productRef = 9C07963D2AC9FB42002E91F3 /* FirebaseAppCheck */; };
		9C0796402AC9FB4B002E91F3 /* FirebaseAppDistribution-Beta in Frameworks */ = {isa = PBXBuildFile; productRef = 9C07963F2AC9FB4B002E91F3 /* FirebaseAppDistribution-Beta */; };
		9C0796422AC9FB4F002E91F3 /* FirebaseAuth in Frameworks */ = {isa = PBXBuildFile; productRef = 9C0796412AC9FB4F002E91F3 /* FirebaseAuth */; };
		9C0796442AC9FB54002E91F3 /* FirebaseAuthCombine-Community in Frameworks */ = {isa = PBXBuildFile; productRef = 9C0796432AC9FB54002E91F3 /* FirebaseAuthCombine-Community */; };
		9C0796462AC9FB59002E91F3 /* FirebaseCrashlytics in Frameworks */ = {isa = PBXBuildFile; productRef = 9C0796452AC9FB59002E91F3 /* FirebaseCrashlytics */; };
		9C0796482AC9FB5F002E91F3 /* FirebaseDatabase in Frameworks */ = {isa = PBXBuildFile; productRef = 9C0796472AC9FB5F002E91F3 /* FirebaseDatabase */; };
		9C07964A2AC9FB67002E91F3 /* FirebaseFirestore in Frameworks */ = {isa = PBXBuildFile; productRef = 9C0796492AC9FB67002E91F3 /* FirebaseFirestore */; };
		9C07964C2AC9FB6B002E91F3 /* FirebaseDynamicLinks in Frameworks */ = {isa = PBXBuildFile; productRef = 9C07964B2AC9FB6B002E91F3 /* FirebaseDynamicLinks */; };
		9C07964E2AC9FB72002E91F3 /* FirebaseFirestoreSwift in Frameworks */ = {isa = PBXBuildFile; productRef = 9C07964D2AC9FB72002E91F3 /* FirebaseFirestoreSwift */; };
		9C0796502AC9FB76002E91F3 /* FirebaseFunctions in Frameworks */ = {isa = PBXBuildFile; productRef = 9C07964F2AC9FB76002E91F3 /* FirebaseFunctions */; };
		9C0796522AC9FB7E002E91F3 /* FirebaseInAppMessagingSwift-Beta in Frameworks */ = {isa = PBXBuildFile; productRef = 9C0796512AC9FB7E002E91F3 /* FirebaseInAppMessagingSwift-Beta */; };
		9C0796542AC9FB8B002E91F3 /* GoogleSignIn in Frameworks */ = {isa = PBXBuildFile; productRef = 9C0796532AC9FB8B002E91F3 /* GoogleSignIn */; };
		9C0796562AC9FB93002E91F3 /* GoogleSignInSwift in Frameworks */ = {isa = PBXBuildFile; productRef = 9C0796552AC9FB93002E91F3 /* GoogleSignInSwift */; };
		9C0796582AC9FB9C002E91F3 /* SDWebImage in Frameworks */ = {isa = PBXBuildFile; productRef = 9C0796572AC9FB9C002E91F3 /* SDWebImage */; };
		9C07965A2AC9FBA2002E91F3 /* SDWebImageMapKit in Frameworks */ = {isa = PBXBuildFile; productRef = 9C0796592AC9FBA2002E91F3 /* SDWebImageMapKit */; };
		9C269F9E2ABD9C2600B363F1 /* FileManagerService.swift in Sources */ = {isa = PBXBuildFile; fileRef = 9C269F9D2ABD9C2600B363F1 /* FileManagerService.swift */; };
		9C269FA02ABDA45B00B363F1 /* WebViewController.swift in Sources */ = {isa = PBXBuildFile; fileRef = 9C269F9F2ABDA45B00B363F1 /* WebViewController.swift */; };
		9C269FA42ABDD16400B363F1 /* HeaderSectionModel.swift in Sources */ = {isa = PBXBuildFile; fileRef = 9C269FA32ABDD16400B363F1 /* HeaderSectionModel.swift */; };
		9C269FA62ABE199C00B363F1 /* DataSourceManager.swift in Sources */ = {isa = PBXBuildFile; fileRef = 9C269FA52ABE199C00B363F1 /* DataSourceManager.swift */; };
		9C269FA92ABECDCC00B363F1 /* SDWebImage in Frameworks */ = {isa = PBXBuildFile; productRef = 9C269FA82ABECDCC00B363F1 /* SDWebImage */; };
		9C269FAB2AC000F400B363F1 /* FontsEnum.swift in Sources */ = {isa = PBXBuildFile; fileRef = 9C269FAA2AC000F400B363F1 /* FontsEnum.swift */; };
		9C269FAD2AC0018600B363F1 /* UIColor + Extension.swift in Sources */ = {isa = PBXBuildFile; fileRef = 9C269FAC2AC0018600B363F1 /* UIColor + Extension.swift */; };
		9C269FAF2AC001D200B363F1 /* ValidateRequestManager.swift in Sources */ = {isa = PBXBuildFile; fileRef = 9C269FAE2AC001D200B363F1 /* ValidateRequestManager.swift */; };
		9C269FB32AC0052C00B363F1 /* DescriptionNumberViewController.swift in Sources */ = {isa = PBXBuildFile; fileRef = 9C269FB22AC0052C00B363F1 /* DescriptionNumberViewController.swift */; };
		9C269FB52AC00C6800B363F1 /* ChoiseNumbersView.swift in Sources */ = {isa = PBXBuildFile; fileRef = 9C269FB42AC00C6800B363F1 /* ChoiseNumbersView.swift */; };
		9C269FBC2AC00CA900B363F1 /* OpenSans-SemiBold.ttf in Resources */ = {isa = PBXBuildFile; fileRef = 9C269FB92AC00CA900B363F1 /* OpenSans-SemiBold.ttf */; };
		9C269FBD2AC00CA900B363F1 /* OpenSans-Light.ttf in Resources */ = {isa = PBXBuildFile; fileRef = 9C269FBA2AC00CA900B363F1 /* OpenSans-Light.ttf */; };
		9C269FBE2AC00CA900B363F1 /* OpenSans-Bold.ttf in Resources */ = {isa = PBXBuildFile; fileRef = 9C269FBB2AC00CA900B363F1 /* OpenSans-Bold.ttf */; };
		9C2C64082AAF3EFF003F0B73 /* TextField + Extension.swift in Sources */ = {isa = PBXBuildFile; fileRef = 9C2C64072AAF3EFF003F0B73 /* TextField + Extension.swift */; };
		9C2C640B2AB301B4003F0B73 /* AuthorizationService.swift in Sources */ = {isa = PBXBuildFile; fileRef = 9C2C640A2AB301B4003F0B73 /* AuthorizationService.swift */; };
		9C2C640D2AB3028A003F0B73 /* SessionState.swift in Sources */ = {isa = PBXBuildFile; fileRef = 9C2C640C2AB3028A003F0B73 /* SessionState.swift */; };
		9C2C64102AB30704003F0B73 /* ViewController + Alert.swift in Sources */ = {isa = PBXBuildFile; fileRef = 9C2C640F2AB30704003F0B73 /* ViewController + Alert.swift */; };
		9C2C64122AB30A94003F0B73 /* AuthorizeError.swift in Sources */ = {isa = PBXBuildFile; fileRef = 9C2C64112AB30A94003F0B73 /* AuthorizeError.swift */; };
		9C2C64172AB3782C003F0B73 /* GoogleSignIn in Frameworks */ = {isa = PBXBuildFile; productRef = 9C2C64162AB3782C003F0B73 /* GoogleSignIn */; };
		9C2C64192AB3782C003F0B73 /* GoogleSignInSwift in Frameworks */ = {isa = PBXBuildFile; productRef = 9C2C64182AB3782C003F0B73 /* GoogleSignInSwift */; };
		9C2C641B2AB4376A003F0B73 /* ProfileViewController.swift in Sources */ = {isa = PBXBuildFile; fileRef = 9C2C641A2AB4376A003F0B73 /* ProfileViewController.swift */; };
		9C2C641D2AB474BC003F0B73 /* AuthorizationViewModel.swift in Sources */ = {isa = PBXBuildFile; fileRef = 9C2C641C2AB474BC003F0B73 /* AuthorizationViewModel.swift */; };
		9C2C641F2AB7298C003F0B73 /* String+Extension.swift in Sources */ = {isa = PBXBuildFile; fileRef = 9C2C641E2AB7298C003F0B73 /* String+Extension.swift */; };
		9C2C64262AB8B20C003F0B73 /* SignInWithAppleResult.swift in Sources */ = {isa = PBXBuildFile; fileRef = 9C2C64252AB8B20C003F0B73 /* SignInWithAppleResult.swift */; };
		9C2C642B2AB8CEBC003F0B73 /* SignInAppleIDHelper.swift in Sources */ = {isa = PBXBuildFile; fileRef = 9C2C642A2AB8CEBC003F0B73 /* SignInAppleIDHelper.swift */; };
		9C2C642F2AB8E241003F0B73 /* GoogleService-Info.plist in Resources */ = {isa = PBXBuildFile; fileRef = 9C2C642E2AB8E241003F0B73 /* GoogleService-Info.plist */; };
		9C2C64312AB99065003F0B73 /* StoreViewController.swift in Sources */ = {isa = PBXBuildFile; fileRef = 9C2C64302AB99065003F0B73 /* StoreViewController.swift */; };
		9C2C64332AB9979C003F0B73 /* AddProductsViewController.swift in Sources */ = {isa = PBXBuildFile; fileRef = 9C2C64322AB9979C003F0B73 /* AddProductsViewController.swift */; };
		9C2C64372AB9F65F003F0B73 /* AddProductViewModel.swift in Sources */ = {isa = PBXBuildFile; fileRef = 9C2C64362AB9F65F003F0B73 /* AddProductViewModel.swift */; };
		9C2C64392ABAD235003F0B73 /* CompositionalLayout.swift in Sources */ = {isa = PBXBuildFile; fileRef = 9C2C64382ABAD235003F0B73 /* CompositionalLayout.swift */; };
		9C2C643C2ABAD57F003F0B73 /* ProductCell.swift in Sources */ = {isa = PBXBuildFile; fileRef = 9C2C643B2ABAD57F003F0B73 /* ProductCell.swift */; };
		9C2C643E2ABAD865003F0B73 /* HeaderCollection.swift in Sources */ = {isa = PBXBuildFile; fileRef = 9C2C643D2ABAD865003F0B73 /* HeaderCollection.swift */; };
		9C2C64402ABADBB9003F0B73 /* StoreCollectionViewModel.swift in Sources */ = {isa = PBXBuildFile; fileRef = 9C2C643F2ABADBB9003F0B73 /* StoreCollectionViewModel.swift */; };
		9C2C64442ABADDEE003F0B73 /* ProductModel.swift in Sources */ = {isa = PBXBuildFile; fileRef = 9C2C64432ABADDEE003F0B73 /* ProductModel.swift */; };
		9C2C64462ABB05C2003F0B73 /* StorageService.swift in Sources */ = {isa = PBXBuildFile; fileRef = 9C2C64452ABB05C2003F0B73 /* StorageService.swift */; };
		9C2C64492ABB0622003F0B73 /* FirebaseStorage in Frameworks */ = {isa = PBXBuildFile; productRef = 9C2C64482ABB0622003F0B73 /* FirebaseStorage */; };
		9C2C644B2ABB062A003F0B73 /* FirebaseStorageCombine-Community in Frameworks */ = {isa = PBXBuildFile; productRef = 9C2C644A2ABB062A003F0B73 /* FirebaseStorageCombine-Community */; };
		9C2C644D2ABB0D61003F0B73 /* DatabaseService.swift in Sources */ = {isa = PBXBuildFile; fileRef = 9C2C644C2ABB0D61003F0B73 /* DatabaseService.swift */; };
		9C2C644F2ABB1F9A003F0B73 /* Notification+Extension.swift in Sources */ = {isa = PBXBuildFile; fileRef = 9C2C644E2ABB1F9A003F0B73 /* Notification+Extension.swift */; };
		9C7FB17B2AC042D600E38076 /* NetworkManager.swift in Sources */ = {isa = PBXBuildFile; fileRef = 9C7FB17A2AC042D600E38076 /* NetworkManager.swift */; };
		9C7FB17D2AC4981E00E38076 /* DiceView.swift in Sources */ = {isa = PBXBuildFile; fileRef = 9C7FB17C2AC4981E00E38076 /* DiceView.swift */; };
		9C7FB17F2AC56F5800E38076 /* StoreErrors.swift in Sources */ = {isa = PBXBuildFile; fileRef = 9C7FB17E2AC56F5800E38076 /* StoreErrors.swift */; };
		9CDC39FA2ACEFF19006B5DB3 /* Interesting_NumbersUITests.swift in Sources */ = {isa = PBXBuildFile; fileRef = 9CDC39F92ACEFF19006B5DB3 /* Interesting_NumbersUITests.swift */; };
		9CDC3A032ACEFFE7006B5DB3 /* FirebaseAuth in Frameworks */ = {isa = PBXBuildFile; productRef = 9CDC3A022ACEFFE7006B5DB3 /* FirebaseAuth */; };
		9CDC3A052ACEFFEC006B5DB3 /* FirebaseFirestore in Frameworks */ = {isa = PBXBuildFile; productRef = 9CDC3A042ACEFFEC006B5DB3 /* FirebaseFirestore */; };
		9CDC3A072ACEFFF2006B5DB3 /* FirebaseFirestoreSwift in Frameworks */ = {isa = PBXBuildFile; productRef = 9CDC3A062ACEFFF2006B5DB3 /* FirebaseFirestoreSwift */; };
		9CDC3A092ACEFFF9006B5DB3 /* GoogleSignInSwift in Frameworks */ = {isa = PBXBuildFile; productRef = 9CDC3A082ACEFFF9006B5DB3 /* GoogleSignInSwift */; };
		9CDC3A0B2ACEFFFE006B5DB3 /* GoogleSignIn in Frameworks */ = {isa = PBXBuildFile; productRef = 9CDC3A0A2ACEFFFE006B5DB3 /* GoogleSignIn */; };
		9CDC3A0D2ACF0006006B5DB3 /* FirebaseStorage in Frameworks */ = {isa = PBXBuildFile; productRef = 9CDC3A0C2ACF0006006B5DB3 /* FirebaseStorage */; };
		9CDC3A0F2ACF0024006B5DB3 /* SDWebImage in Frameworks */ = {isa = PBXBuildFile; productRef = 9CDC3A0E2ACF0024006B5DB3 /* SDWebImage */; };
		9CDC3A112ACF0029006B5DB3 /* SDWebImageMapKit in Frameworks */ = {isa = PBXBuildFile; productRef = 9CDC3A102ACF0029006B5DB3 /* SDWebImageMapKit */; };
		9CDC3A1D2ACFFC65006B5DB3 /* DescriptionNumber in Frameworks */ = {isa = PBXBuildFile; productRef = 9CDC3A1C2ACFFC65006B5DB3 /* DescriptionNumber */; };
		9CDC3A1F2ACFFC81006B5DB3 /* DescriptionNumber in Frameworks */ = {isa = PBXBuildFile; productRef = 9CDC3A1E2ACFFC81006B5DB3 /* DescriptionNumber */; };
		9CDC3A212ACFFC89006B5DB3 /* DescriptionNumber in Frameworks */ = {isa = PBXBuildFile; productRef = 9CDC3A202ACFFC89006B5DB3 /* DescriptionNumber */; };
		9CE132332AAE3C0100527002 /* ImageConstants.swift in Sources */ = {isa = PBXBuildFile; fileRef = 9CE132322AAE3C0100527002 /* ImageConstants.swift */; };
		9CE132352AAEF0F500527002 /* ChoiseRequestNumbersViewController.swift in Sources */ = {isa = PBXBuildFile; fileRef = 9CE132342AAEF0F500527002 /* ChoiseRequestNumbersViewController.swift */; };
/* End PBXBuildFile section */

/* Begin PBXContainerItemProxy section */
		9C0796342AC9F7A5002E91F3 /* PBXContainerItemProxy */ = {
			isa = PBXContainerItemProxy;
			containerPortal = 20D372282AAC63450095041A /* Project object */;
			proxyType = 1;
			remoteGlobalIDString = 20D3722F2AAC63450095041A;
			remoteInfo = Interesting_Numbers;
		};
		9CDC39FD2ACEFF19006B5DB3 /* PBXContainerItemProxy */ = {
			isa = PBXContainerItemProxy;
			containerPortal = 20D372282AAC63450095041A /* Project object */;
			proxyType = 1;
			remoteGlobalIDString = 20D3722F2AAC63450095041A;
			remoteInfo = Interesting_Numbers;
		};
/* End PBXContainerItemProxy section */

/* Begin PBXFileReference section */
		202B020E2AB22F81004C70AF /* UserProfile.swift */ = {isa = PBXFileReference; lastKnownFileType = sourcecode.swift; path = UserProfile.swift; sourceTree = "<group>"; };
		20D372332AAC63450095041A /* AppDelegate.swift */ = {isa = PBXFileReference; lastKnownFileType = sourcecode.swift; path = AppDelegate.swift; sourceTree = "<group>"; };
		20D372352AAC63450095041A /* SceneDelegate.swift */ = {isa = PBXFileReference; lastKnownFileType = sourcecode.swift; path = SceneDelegate.swift; sourceTree = "<group>"; };
		20D372372AAC63450095041A /* AuthorisedViewController.swift */ = {isa = PBXFileReference; lastKnownFileType = sourcecode.swift; path = AuthorisedViewController.swift; sourceTree = "<group>"; };
		20D3723C2AAC63480095041A /* Assets.xcassets */ = {isa = PBXFileReference; lastKnownFileType = folder.assetcatalog; path = Assets.xcassets; sourceTree = "<group>"; };
		20D3723F2AAC63480095041A /* Base */ = {isa = PBXFileReference; lastKnownFileType = file.storyboard; name = Base; path = Base.lproj/LaunchScreen.storyboard; sourceTree = "<group>"; };
		20D372412AAC63480095041A /* Info.plist */ = {isa = PBXFileReference; lastKnownFileType = text.plist.xml; path = Info.plist; sourceTree = "<group>"; };
		20D3724B2AAC68E50095041A /* AuthorisedView.swift */ = {isa = PBXFileReference; lastKnownFileType = sourcecode.swift; path = AuthorisedView.swift; sourceTree = "<group>"; };
		20D3724E2AAC7AAD0095041A /* TitleConstants.swift */ = {isa = PBXFileReference; lastKnownFileType = sourcecode.swift; path = TitleConstants.swift; sourceTree = "<group>"; };
		20D372502AAC83B30095041A /* UIView+Extension.swift */ = {isa = PBXFileReference; lastKnownFileType = sourcecode.swift; path = "UIView+Extension.swift"; sourceTree = "<group>"; };
		20D372532AADA9E00095041A /* EnterViewController.swift */ = {isa = PBXFileReference; lastKnownFileType = sourcecode.swift; path = EnterViewController.swift; sourceTree = "<group>"; };
		9C0796302AC9F7A5002E91F3 /* Interesting_NumbersTests.xctest */ = {isa = PBXFileReference; explicitFileType = wrapper.cfbundle; includeInIndex = 0; name = Interesting_NumbersTests.xctest; path = "/Users/sud/myCodes/Interesting_Numbers/build/Debug-iphoneos/Interesting_NumbersTests.xctest"; sourceTree = "<absolute>"; };
		9C0796322AC9F7A5002E91F3 /* AuthorizedViewModelTest.swift */ = {isa = PBXFileReference; lastKnownFileType = sourcecode.swift; path = AuthorizedViewModelTest.swift; sourceTree = "<group>"; };
		9C07965B2AC9FD11002E91F3 /* Interesting_Numbers.xctestplan */ = {isa = PBXFileReference; lastKnownFileType = text; path = Interesting_Numbers.xctestplan; sourceTree = "<group>"; };
		9C269F9D2ABD9C2600B363F1 /* FileManagerService.swift */ = {isa = PBXFileReference; lastKnownFileType = sourcecode.swift; path = FileManagerService.swift; sourceTree = "<group>"; };
		9C269F9F2ABDA45B00B363F1 /* WebViewController.swift */ = {isa = PBXFileReference; lastKnownFileType = sourcecode.swift; path = WebViewController.swift; sourceTree = "<group>"; };
		9C269FA32ABDD16400B363F1 /* HeaderSectionModel.swift */ = {isa = PBXFileReference; lastKnownFileType = sourcecode.swift; path = HeaderSectionModel.swift; sourceTree = "<group>"; };
		9C269FA52ABE199C00B363F1 /* DataSourceManager.swift */ = {isa = PBXFileReference; lastKnownFileType = sourcecode.swift; path = DataSourceManager.swift; sourceTree = "<group>"; };
		9C269FAA2AC000F400B363F1 /* FontsEnum.swift */ = {isa = PBXFileReference; lastKnownFileType = sourcecode.swift; path = FontsEnum.swift; sourceTree = "<group>"; };
		9C269FAC2AC0018600B363F1 /* UIColor + Extension.swift */ = {isa = PBXFileReference; lastKnownFileType = sourcecode.swift; path = "UIColor + Extension.swift"; sourceTree = "<group>"; };
		9C269FAE2AC001D200B363F1 /* ValidateRequestManager.swift */ = {isa = PBXFileReference; lastKnownFileType = sourcecode.swift; path = ValidateRequestManager.swift; sourceTree = "<group>"; };
		9C269FB22AC0052C00B363F1 /* DescriptionNumberViewController.swift */ = {isa = PBXFileReference; lastKnownFileType = sourcecode.swift; path = DescriptionNumberViewController.swift; sourceTree = "<group>"; };
		9C269FB42AC00C6800B363F1 /* ChoiseNumbersView.swift */ = {isa = PBXFileReference; lastKnownFileType = sourcecode.swift; path = ChoiseNumbersView.swift; sourceTree = "<group>"; };
		9C269FB92AC00CA900B363F1 /* OpenSans-SemiBold.ttf */ = {isa = PBXFileReference; lastKnownFileType = file; path = "OpenSans-SemiBold.ttf"; sourceTree = "<group>"; };
		9C269FBA2AC00CA900B363F1 /* OpenSans-Light.ttf */ = {isa = PBXFileReference; lastKnownFileType = file; path = "OpenSans-Light.ttf"; sourceTree = "<group>"; };
		9C269FBB2AC00CA900B363F1 /* OpenSans-Bold.ttf */ = {isa = PBXFileReference; lastKnownFileType = file; path = "OpenSans-Bold.ttf"; sourceTree = "<group>"; };
		9C2C64072AAF3EFF003F0B73 /* TextField + Extension.swift */ = {isa = PBXFileReference; lastKnownFileType = sourcecode.swift; path = "TextField + Extension.swift"; sourceTree = "<group>"; };
		9C2C640A2AB301B4003F0B73 /* AuthorizationService.swift */ = {isa = PBXFileReference; lastKnownFileType = sourcecode.swift; path = AuthorizationService.swift; sourceTree = "<group>"; };
		9C2C640C2AB3028A003F0B73 /* SessionState.swift */ = {isa = PBXFileReference; lastKnownFileType = sourcecode.swift; path = SessionState.swift; sourceTree = "<group>"; };
		9C2C640F2AB30704003F0B73 /* ViewController + Alert.swift */ = {isa = PBXFileReference; lastKnownFileType = sourcecode.swift; path = "ViewController + Alert.swift"; sourceTree = "<group>"; };
		9C2C64112AB30A94003F0B73 /* AuthorizeError.swift */ = {isa = PBXFileReference; lastKnownFileType = sourcecode.swift; path = AuthorizeError.swift; sourceTree = "<group>"; };
		9C2C64142AB35FD2003F0B73 /* Interesting_Numbers.app */ = {isa = PBXFileReference; explicitFileType = wrapper.application; includeInIndex = 0; path = Interesting_Numbers.app; sourceTree = BUILT_PRODUCTS_DIR; };
		9C2C641A2AB4376A003F0B73 /* ProfileViewController.swift */ = {isa = PBXFileReference; lastKnownFileType = sourcecode.swift; path = ProfileViewController.swift; sourceTree = "<group>"; };
		9C2C641C2AB474BC003F0B73 /* AuthorizationViewModel.swift */ = {isa = PBXFileReference; lastKnownFileType = sourcecode.swift; path = AuthorizationViewModel.swift; sourceTree = "<group>"; };
		9C2C641E2AB7298C003F0B73 /* String+Extension.swift */ = {isa = PBXFileReference; lastKnownFileType = sourcecode.swift; path = "String+Extension.swift"; sourceTree = "<group>"; };
		9C2C64222AB88543003F0B73 /* Interesting_Numbers.entitlements */ = {isa = PBXFileReference; lastKnownFileType = text.plist.entitlements; path = Interesting_Numbers.entitlements; sourceTree = "<group>"; };
		9C2C64252AB8B20C003F0B73 /* SignInWithAppleResult.swift */ = {isa = PBXFileReference; lastKnownFileType = sourcecode.swift; path = SignInWithAppleResult.swift; sourceTree = "<group>"; };
		9C2C642A2AB8CEBC003F0B73 /* SignInAppleIDHelper.swift */ = {isa = PBXFileReference; lastKnownFileType = sourcecode.swift; path = SignInAppleIDHelper.swift; sourceTree = "<group>"; };
		9C2C642E2AB8E241003F0B73 /* GoogleService-Info.plist */ = {isa = PBXFileReference; fileEncoding = 4; lastKnownFileType = text.plist.xml; path = "GoogleService-Info.plist"; sourceTree = "<group>"; };
		9C2C64302AB99065003F0B73 /* StoreViewController.swift */ = {isa = PBXFileReference; lastKnownFileType = sourcecode.swift; path = StoreViewController.swift; sourceTree = "<group>"; };
		9C2C64322AB9979C003F0B73 /* AddProductsViewController.swift */ = {isa = PBXFileReference; lastKnownFileType = sourcecode.swift; path = AddProductsViewController.swift; sourceTree = "<group>"; };
		9C2C64362AB9F65F003F0B73 /* AddProductViewModel.swift */ = {isa = PBXFileReference; lastKnownFileType = sourcecode.swift; path = AddProductViewModel.swift; sourceTree = "<group>"; };
		9C2C64382ABAD235003F0B73 /* CompositionalLayout.swift */ = {isa = PBXFileReference; lastKnownFileType = sourcecode.swift; path = CompositionalLayout.swift; sourceTree = "<group>"; };
		9C2C643B2ABAD57F003F0B73 /* ProductCell.swift */ = {isa = PBXFileReference; lastKnownFileType = sourcecode.swift; path = ProductCell.swift; sourceTree = "<group>"; };
		9C2C643D2ABAD865003F0B73 /* HeaderCollection.swift */ = {isa = PBXFileReference; lastKnownFileType = sourcecode.swift; path = HeaderCollection.swift; sourceTree = "<group>"; };
		9C2C643F2ABADBB9003F0B73 /* StoreCollectionViewModel.swift */ = {isa = PBXFileReference; lastKnownFileType = sourcecode.swift; path = StoreCollectionViewModel.swift; sourceTree = "<group>"; };
		9C2C64432ABADDEE003F0B73 /* ProductModel.swift */ = {isa = PBXFileReference; lastKnownFileType = sourcecode.swift; path = ProductModel.swift; sourceTree = "<group>"; };
		9C2C64452ABB05C2003F0B73 /* StorageService.swift */ = {isa = PBXFileReference; lastKnownFileType = sourcecode.swift; path = StorageService.swift; sourceTree = "<group>"; };
		9C2C644C2ABB0D61003F0B73 /* DatabaseService.swift */ = {isa = PBXFileReference; lastKnownFileType = sourcecode.swift; path = DatabaseService.swift; sourceTree = "<group>"; };
		9C2C644E2ABB1F9A003F0B73 /* Notification+Extension.swift */ = {isa = PBXFileReference; lastKnownFileType = sourcecode.swift; path = "Notification+Extension.swift"; sourceTree = "<group>"; };
		9C7FB17A2AC042D600E38076 /* NetworkManager.swift */ = {isa = PBXFileReference; lastKnownFileType = sourcecode.swift; path = NetworkManager.swift; sourceTree = "<group>"; };
		9C7FB17C2AC4981E00E38076 /* DiceView.swift */ = {isa = PBXFileReference; fileEncoding = 4; lastKnownFileType = sourcecode.swift; path = DiceView.swift; sourceTree = "<group>"; };
		9C7FB17E2AC56F5800E38076 /* StoreErrors.swift */ = {isa = PBXFileReference; lastKnownFileType = sourcecode.swift; path = StoreErrors.swift; sourceTree = "<group>"; };
		9CDC39F72ACEFF19006B5DB3 /* Interesting_NumbersUITests.xctest */ = {isa = PBXFileReference; explicitFileType = wrapper.cfbundle; includeInIndex = 0; name = Interesting_NumbersUITests.xctest; path = "/Users/sud/myCodes/Interesting_Numbers/build/Debug-iphoneos/Interesting_NumbersUITests.xctest"; sourceTree = "<absolute>"; };
		9CDC39F92ACEFF19006B5DB3 /* Interesting_NumbersUITests.swift */ = {isa = PBXFileReference; lastKnownFileType = sourcecode.swift; path = Interesting_NumbersUITests.swift; sourceTree = "<group>"; };
		9CE132322AAE3C0100527002 /* ImageConstants.swift */ = {isa = PBXFileReference; lastKnownFileType = sourcecode.swift; path = ImageConstants.swift; sourceTree = "<group>"; };
		9CE132342AAEF0F500527002 /* ChoiseRequestNumbersViewController.swift */ = {isa = PBXFileReference; lastKnownFileType = sourcecode.swift; path = ChoiseRequestNumbersViewController.swift; sourceTree = "<group>"; };
/* End PBXFileReference section */

/* Begin PBXFrameworksBuildPhase section */
		20D3722D2AAC63450095041A /* Frameworks */ = {
			isa = PBXFrameworksBuildPhase;
			buildActionMask = 2147483647;
			files = (
				202B02002AB1AF38004C70AF /* FirebaseAnalytics in Frameworks */,
				202B02042AB1AF38004C70AF /* FirebaseAuth in Frameworks */,
				9C2C644B2ABB062A003F0B73 /* FirebaseStorageCombine-Community in Frameworks */,
				9C2C64492ABB0622003F0B73 /* FirebaseStorage in Frameworks */,
				202B02062AB1AF38004C70AF /* FirebaseDatabase in Frameworks */,
				9C2C64192AB3782C003F0B73 /* GoogleSignInSwift in Frameworks */,
				9CDC3A1D2ACFFC65006B5DB3 /* DescriptionNumber in Frameworks */,
				202B02082AB1AF38004C70AF /* FirebaseFirestore in Frameworks */,
				202B02022AB1AF38004C70AF /* FirebaseAnalyticsWithoutAdIdSupport in Frameworks */,
				9C269FA92ABECDCC00B363F1 /* SDWebImage in Frameworks */,
				202B020D2AB1E27D004C70AF /* FirebaseFirestoreSwift in Frameworks */,
				9C2C64172AB3782C003F0B73 /* GoogleSignIn in Frameworks */,
			);
			runOnlyForDeploymentPostprocessing = 0;
		};
		9C07962D2AC9F7A5002E91F3 /* Frameworks */ = {
			isa = PBXFrameworksBuildPhase;
			buildActionMask = 2147483647;
			files = (
				9C0796562AC9FB93002E91F3 /* GoogleSignInSwift in Frameworks */,
				9C0796582AC9FB9C002E91F3 /* SDWebImage in Frameworks */,
				9C0796442AC9FB54002E91F3 /* FirebaseAuthCombine-Community in Frameworks */,
				9C0796422AC9FB4F002E91F3 /* FirebaseAuth in Frameworks */,
				9C0796502AC9FB76002E91F3 /* FirebaseFunctions in Frameworks */,
				9C0796462AC9FB59002E91F3 /* FirebaseCrashlytics in Frameworks */,
				9C07963E2AC9FB42002E91F3 /* FirebaseAppCheck in Frameworks */,
				9C07964E2AC9FB72002E91F3 /* FirebaseFirestoreSwift in Frameworks */,
				9C07965A2AC9FBA2002E91F3 /* SDWebImageMapKit in Frameworks */,
				9C07964A2AC9FB67002E91F3 /* FirebaseFirestore in Frameworks */,
				9C0796522AC9FB7E002E91F3 /* FirebaseInAppMessagingSwift-Beta in Frameworks */,
				9C07963A2AC9FB36002E91F3 /* FirebaseAnalytics in Frameworks */,
				9C0796482AC9FB5F002E91F3 /* FirebaseDatabase in Frameworks */,
				9CDC3A1F2ACFFC81006B5DB3 /* DescriptionNumber in Frameworks */,
				9C0796402AC9FB4B002E91F3 /* FirebaseAppDistribution-Beta in Frameworks */,
				9C07964C2AC9FB6B002E91F3 /* FirebaseDynamicLinks in Frameworks */,
				9C0796542AC9FB8B002E91F3 /* GoogleSignIn in Frameworks */,
			);
			runOnlyForDeploymentPostprocessing = 0;
		};
		9CDC39F42ACEFF19006B5DB3 /* Frameworks */ = {
			isa = PBXFrameworksBuildPhase;
			buildActionMask = 2147483647;
			files = (
				9CDC3A0B2ACEFFFE006B5DB3 /* GoogleSignIn in Frameworks */,
				9CDC3A032ACEFFE7006B5DB3 /* FirebaseAuth in Frameworks */,
				9CDC3A052ACEFFEC006B5DB3 /* FirebaseFirestore in Frameworks */,
				9CDC3A212ACFFC89006B5DB3 /* DescriptionNumber in Frameworks */,
				9CDC3A0F2ACF0024006B5DB3 /* SDWebImage in Frameworks */,
				9CDC3A072ACEFFF2006B5DB3 /* FirebaseFirestoreSwift in Frameworks */,
				9CDC3A092ACEFFF9006B5DB3 /* GoogleSignInSwift in Frameworks */,
				9CDC3A112ACF0029006B5DB3 /* SDWebImageMapKit in Frameworks */,
				9CDC3A0D2ACF0006006B5DB3 /* FirebaseStorage in Frameworks */,
			);
			runOnlyForDeploymentPostprocessing = 0;
		};
/* End PBXFrameworksBuildPhase section */

/* Begin PBXGroup section */
		202B02102AB22F88004C70AF /* Model */ = {
			isa = PBXGroup;
			children = (
				202B020E2AB22F81004C70AF /* UserProfile.swift */,
				9C2C64252AB8B20C003F0B73 /* SignInWithAppleResult.swift */,
				9C2C64432ABADDEE003F0B73 /* ProductModel.swift */,
				9C269FA32ABDD16400B363F1 /* HeaderSectionModel.swift */,
			);
			path = Model;
			sourceTree = "<group>";
		};
		20D372272AAC63450095041A = {
			isa = PBXGroup;
			children = (
				20D372322AAC63450095041A /* InterestingNumbers */,
				9C0796312AC9F7A5002E91F3 /* Interesting_NumbersTests */,
				9CDC39F82ACEFF19006B5DB3 /* Interesting_NumbersUITests */,
				9C2C64222AB88543003F0B73 /* Interesting_Numbers.entitlements */,
				9C2C64142AB35FD2003F0B73 /* Interesting_Numbers.app */,
			);
			sourceTree = "<group>";
		};
		20D372322AAC63450095041A /* InterestingNumbers */ = {
			isa = PBXGroup;
			children = (
				20D372472AAC64C90095041A /* Applications */,
				20D372522AAC83BB0095041A /* Extensions */,
				20D3724D2AAC7A7B0095041A /* Enums */,
				9C2C64092AB30187003F0B73 /* Managers */,
				202B02102AB22F88004C70AF /* Model */,
				9C2C640E2AB303DC003F0B73 /* ViewModel */,
				20D372482AAC64E00095041A /* Controllers */,
				20D3724A2AAC68960095041A /* Views */,
				20D372492AAC650D0095041A /* Resources */,
			);
			path = InterestingNumbers;
			sourceTree = "<group>";
		};
		20D372472AAC64C90095041A /* Applications */ = {
			isa = PBXGroup;
			children = (
				20D372332AAC63450095041A /* AppDelegate.swift */,
				20D372352AAC63450095041A /* SceneDelegate.swift */,
			);
			path = Applications;
			sourceTree = "<group>";
		};
		20D372482AAC64E00095041A /* Controllers */ = {
			isa = PBXGroup;
			children = (
				20D372532AADA9E00095041A /* EnterViewController.swift */,
				20D372372AAC63450095041A /* AuthorisedViewController.swift */,
				9CE132342AAEF0F500527002 /* ChoiseRequestNumbersViewController.swift */,
				9C2C641A2AB4376A003F0B73 /* ProfileViewController.swift */,
				9C2C64302AB99065003F0B73 /* StoreViewController.swift */,
				9C2C64322AB9979C003F0B73 /* AddProductsViewController.swift */,
				9C269FB22AC0052C00B363F1 /* DescriptionNumberViewController.swift */,
				9C269F9F2ABDA45B00B363F1 /* WebViewController.swift */,
			);
			path = Controllers;
			sourceTree = "<group>";
		};
		20D372492AAC650D0095041A /* Resources */ = {
			isa = PBXGroup;
			children = (
				20D3723E2AAC63480095041A /* LaunchScreen.storyboard */,
				9C269FB82AC00CA900B363F1 /* Font */,
				20D3723C2AAC63480095041A /* Assets.xcassets */,
				20D372412AAC63480095041A /* Info.plist */,
				9C2C642E2AB8E241003F0B73 /* GoogleService-Info.plist */,
			);
			path = Resources;
			sourceTree = "<group>";
		};
		20D3724A2AAC68960095041A /* Views */ = {
			isa = PBXGroup;
			children = (
				9C2C643A2ABAD563003F0B73 /* Cells */,
				20D3724B2AAC68E50095041A /* AuthorisedView.swift */,
				9C7FB17C2AC4981E00E38076 /* DiceView.swift */,
				9C269FB42AC00C6800B363F1 /* ChoiseNumbersView.swift */,
			);
			path = Views;
			sourceTree = "<group>";
		};
		20D3724D2AAC7A7B0095041A /* Enums */ = {
			isa = PBXGroup;
			children = (
				20D3724E2AAC7AAD0095041A /* TitleConstants.swift */,
				9CE132322AAE3C0100527002 /* ImageConstants.swift */,
				9C2C640C2AB3028A003F0B73 /* SessionState.swift */,
				9C269FAA2AC000F400B363F1 /* FontsEnum.swift */,
				9C2C64112AB30A94003F0B73 /* AuthorizeError.swift */,
				9C7FB17E2AC56F5800E38076 /* StoreErrors.swift */,
			);
			path = Enums;
			sourceTree = "<group>";
		};
		20D372522AAC83BB0095041A /* Extensions */ = {
			isa = PBXGroup;
			children = (
				20D372502AAC83B30095041A /* UIView+Extension.swift */,
				9C2C640F2AB30704003F0B73 /* ViewController + Alert.swift */,
				9C2C64072AAF3EFF003F0B73 /* TextField + Extension.swift */,
				9C269FAC2AC0018600B363F1 /* UIColor + Extension.swift */,
				9C2C641E2AB7298C003F0B73 /* String+Extension.swift */,
				9C2C644E2ABB1F9A003F0B73 /* Notification+Extension.swift */,
			);
			path = Extensions;
			sourceTree = "<group>";
		};
		9C0796312AC9F7A5002E91F3 /* Interesting_NumbersTests */ = {
			isa = PBXGroup;
			children = (
				9C0796322AC9F7A5002E91F3 /* AuthorizedViewModelTest.swift */,
			);
			path = Interesting_NumbersTests;
			sourceTree = "<group>";
		};
		9C269FB82AC00CA900B363F1 /* Font */ = {
			isa = PBXGroup;
			children = (
				9C269FB92AC00CA900B363F1 /* OpenSans-SemiBold.ttf */,
				9C269FBA2AC00CA900B363F1 /* OpenSans-Light.ttf */,
				9C269FBB2AC00CA900B363F1 /* OpenSans-Bold.ttf */,
			);
			path = Font;
			sourceTree = "<group>";
		};
		9C2C64092AB30187003F0B73 /* Managers */ = {
			isa = PBXGroup;
			children = (
				9C2C640A2AB301B4003F0B73 /* AuthorizationService.swift */,
				9C2C642A2AB8CEBC003F0B73 /* SignInAppleIDHelper.swift */,
				9C2C64382ABAD235003F0B73 /* CompositionalLayout.swift */,
				9C2C64452ABB05C2003F0B73 /* StorageService.swift */,
				9C269F9D2ABD9C2600B363F1 /* FileManagerService.swift */,
				9C2C644C2ABB0D61003F0B73 /* DatabaseService.swift */,
				9C269FA52ABE199C00B363F1 /* DataSourceManager.swift */,
				9C269FAE2AC001D200B363F1 /* ValidateRequestManager.swift */,
				9C7FB17A2AC042D600E38076 /* NetworkManager.swift */,
			);
			path = Managers;
			sourceTree = "<group>";
		};
		9C2C640E2AB303DC003F0B73 /* ViewModel */ = {
			isa = PBXGroup;
			children = (
				9C2C641C2AB474BC003F0B73 /* AuthorizationViewModel.swift */,
				9C2C64362AB9F65F003F0B73 /* AddProductViewModel.swift */,
				9C2C643F2ABADBB9003F0B73 /* StoreCollectionViewModel.swift */,
			);
			path = ViewModel;
			sourceTree = "<group>";
		};
		9C2C643A2ABAD563003F0B73 /* Cells */ = {
			isa = PBXGroup;
			children = (
				9C2C643B2ABAD57F003F0B73 /* ProductCell.swift */,
				9C2C643D2ABAD865003F0B73 /* HeaderCollection.swift */,
			);
			path = Cells;
			sourceTree = "<group>";
		};
		9CDC39F82ACEFF19006B5DB3 /* Interesting_NumbersUITests */ = {
			isa = PBXGroup;
			children = (
				9CDC39F92ACEFF19006B5DB3 /* Interesting_NumbersUITests.swift */,
				9C07965B2AC9FD11002E91F3 /* Interesting_Numbers.xctestplan */,
			);
			path = Interesting_NumbersUITests;
			sourceTree = "<group>";
		};
/* End PBXGroup section */

/* Begin PBXNativeTarget section */
		20D3722F2AAC63450095041A /* Interesting_Numbers */ = {
			isa = PBXNativeTarget;
			buildConfigurationList = 20D372442AAC63480095041A /* Build configuration list for PBXNativeTarget "Interesting_Numbers" */;
			buildPhases = (
				20D3722C2AAC63450095041A /* Sources */,
				20D3722D2AAC63450095041A /* Frameworks */,
				20D3722E2AAC63450095041A /* Resources */,
			);
			buildRules = (
			);
			dependencies = (
			);
			name = Interesting_Numbers;
			packageProductDependencies = (
				202B01FF2AB1AF38004C70AF /* FirebaseAnalytics */,
				202B02012AB1AF38004C70AF /* FirebaseAnalyticsWithoutAdIdSupport */,
				202B02032AB1AF38004C70AF /* FirebaseAuth */,
				202B02052AB1AF38004C70AF /* FirebaseDatabase */,
				202B02072AB1AF38004C70AF /* FirebaseFirestore */,
				202B020C2AB1E27D004C70AF /* FirebaseFirestoreSwift */,
				9C2C64162AB3782C003F0B73 /* GoogleSignIn */,
				9C2C64182AB3782C003F0B73 /* GoogleSignInSwift */,
				9C2C64482ABB0622003F0B73 /* FirebaseStorage */,
				9C2C644A2ABB062A003F0B73 /* FirebaseStorageCombine-Community */,
				9C269FA82ABECDCC00B363F1 /* SDWebImage */,
				9CDC3A1C2ACFFC65006B5DB3 /* DescriptionNumber */,
			);
			productName = InterestingNumbers;
			productReference = 9C2C64142AB35FD2003F0B73 /* Interesting_Numbers.app */;
			productType = "com.apple.product-type.application";
		};
		9C07962F2AC9F7A5002E91F3 /* Interesting_NumbersTests */ = {
			isa = PBXNativeTarget;
			buildConfigurationList = 9C0796382AC9F7A5002E91F3 /* Build configuration list for PBXNativeTarget "Interesting_NumbersTests" */;
			buildPhases = (
				9C07962C2AC9F7A5002E91F3 /* Sources */,
				9C07962D2AC9F7A5002E91F3 /* Frameworks */,
				9C07962E2AC9F7A5002E91F3 /* Resources */,
			);
			buildRules = (
			);
			dependencies = (
				9C0796352AC9F7A5002E91F3 /* PBXTargetDependency */,
			);
			name = Interesting_NumbersTests;
			packageProductDependencies = (
				9C0796392AC9FB36002E91F3 /* FirebaseAnalytics */,
				9C07963D2AC9FB42002E91F3 /* FirebaseAppCheck */,
				9C07963F2AC9FB4B002E91F3 /* FirebaseAppDistribution-Beta */,
				9C0796412AC9FB4F002E91F3 /* FirebaseAuth */,
				9C0796432AC9FB54002E91F3 /* FirebaseAuthCombine-Community */,
				9C0796452AC9FB59002E91F3 /* FirebaseCrashlytics */,
				9C0796472AC9FB5F002E91F3 /* FirebaseDatabase */,
				9C0796492AC9FB67002E91F3 /* FirebaseFirestore */,
				9C07964B2AC9FB6B002E91F3 /* FirebaseDynamicLinks */,
				9C07964D2AC9FB72002E91F3 /* FirebaseFirestoreSwift */,
				9C07964F2AC9FB76002E91F3 /* FirebaseFunctions */,
				9C0796512AC9FB7E002E91F3 /* FirebaseInAppMessagingSwift-Beta */,
				9C0796532AC9FB8B002E91F3 /* GoogleSignIn */,
				9C0796552AC9FB93002E91F3 /* GoogleSignInSwift */,
				9C0796572AC9FB9C002E91F3 /* SDWebImage */,
				9C0796592AC9FBA2002E91F3 /* SDWebImageMapKit */,
				9CDC3A1E2ACFFC81006B5DB3 /* DescriptionNumber */,
			);
			productName = Interesting_NumbersTests;
			productReference = 9C0796302AC9F7A5002E91F3 /* Interesting_NumbersTests.xctest */;
			productType = "com.apple.product-type.bundle.unit-test";
		};
		9CDC39F62ACEFF19006B5DB3 /* Interesting_NumbersUITests */ = {
			isa = PBXNativeTarget;
			buildConfigurationList = 9CDC39FF2ACEFF19006B5DB3 /* Build configuration list for PBXNativeTarget "Interesting_NumbersUITests" */;
			buildPhases = (
				9CDC39F32ACEFF19006B5DB3 /* Sources */,
				9CDC39F42ACEFF19006B5DB3 /* Frameworks */,
				9CDC39F52ACEFF19006B5DB3 /* Resources */,
			);
			buildRules = (
			);
			dependencies = (
				9CDC39FE2ACEFF19006B5DB3 /* PBXTargetDependency */,
			);
			name = Interesting_NumbersUITests;
			packageProductDependencies = (
				9CDC3A022ACEFFE7006B5DB3 /* FirebaseAuth */,
				9CDC3A042ACEFFEC006B5DB3 /* FirebaseFirestore */,
				9CDC3A062ACEFFF2006B5DB3 /* FirebaseFirestoreSwift */,
				9CDC3A082ACEFFF9006B5DB3 /* GoogleSignInSwift */,
				9CDC3A0A2ACEFFFE006B5DB3 /* GoogleSignIn */,
				9CDC3A0C2ACF0006006B5DB3 /* FirebaseStorage */,
				9CDC3A0E2ACF0024006B5DB3 /* SDWebImage */,
				9CDC3A102ACF0029006B5DB3 /* SDWebImageMapKit */,
				9CDC3A202ACFFC89006B5DB3 /* DescriptionNumber */,
			);
			productName = Interesting_NumbersUITests;
			productReference = 9CDC39F72ACEFF19006B5DB3 /* Interesting_NumbersUITests.xctest */;
			productType = "com.apple.product-type.bundle.ui-testing";
		};
/* End PBXNativeTarget section */

/* Begin PBXProject section */
		20D372282AAC63450095041A /* Project object */ = {
			isa = PBXProject;
			attributes = {
				BuildIndependentTargetsInParallel = 1;
				LastSwiftUpdateCheck = 1430;
				LastUpgradeCheck = 1430;
				TargetAttributes = {
					20D3722F2AAC63450095041A = {
						CreatedOnToolsVersion = 14.3.1;
					};
					9C07962F2AC9F7A5002E91F3 = {
						CreatedOnToolsVersion = 14.3.1;
						TestTargetID = 20D3722F2AAC63450095041A;
					};
					9CDC39F62ACEFF19006B5DB3 = {
						CreatedOnToolsVersion = 14.3.1;
						TestTargetID = 20D3722F2AAC63450095041A;
					};
				};
			};
			buildConfigurationList = 20D3722B2AAC63450095041A /* Build configuration list for PBXProject "Interesting_Numbers" */;
			compatibilityVersion = "Xcode 14.0";
			developmentRegion = en;
			hasScannedForEncodings = 0;
			knownRegions = (
				en,
				Base,
			);
			mainGroup = 20D372272AAC63450095041A;
			packageReferences = (
				202B01FE2AB1AF38004C70AF /* XCRemoteSwiftPackageReference "firebase-ios-sdk" */,
				9C2C64152AB3782C003F0B73 /* XCRemoteSwiftPackageReference "GoogleSignIn-iOS" */,
				9C269FA72ABECDCB00B363F1 /* XCRemoteSwiftPackageReference "SDWebImage" */,
				9CDC3A1B2ACFFC65006B5DB3 /* XCRemoteSwiftPackageReference "DNDescriptionNumber" */,
			);
			productRefGroup = 20D372272AAC63450095041A;
			projectDirPath = "";
			projectRoot = "";
			targets = (
				20D3722F2AAC63450095041A /* Interesting_Numbers */,
				9C07962F2AC9F7A5002E91F3 /* Interesting_NumbersTests */,
				9CDC39F62ACEFF19006B5DB3 /* Interesting_NumbersUITests */,
			);
		};
/* End PBXProject section */

/* Begin PBXResourcesBuildPhase section */
		20D3722E2AAC63450095041A /* Resources */ = {
			isa = PBXResourcesBuildPhase;
			buildActionMask = 2147483647;
			files = (
				9C269FBC2AC00CA900B363F1 /* OpenSans-SemiBold.ttf in Resources */,
				20D372402AAC63480095041A /* LaunchScreen.storyboard in Resources */,
				9C269FBE2AC00CA900B363F1 /* OpenSans-Bold.ttf in Resources */,
				20D3723D2AAC63480095041A /* Assets.xcassets in Resources */,
				9C269FBD2AC00CA900B363F1 /* OpenSans-Light.ttf in Resources */,
				9C2C642F2AB8E241003F0B73 /* GoogleService-Info.plist in Resources */,
			);
			runOnlyForDeploymentPostprocessing = 0;
		};
		9C07962E2AC9F7A5002E91F3 /* Resources */ = {
			isa = PBXResourcesBuildPhase;
			buildActionMask = 2147483647;
			files = (
			);
			runOnlyForDeploymentPostprocessing = 0;
		};
		9CDC39F52ACEFF19006B5DB3 /* Resources */ = {
			isa = PBXResourcesBuildPhase;
			buildActionMask = 2147483647;
			files = (
			);
			runOnlyForDeploymentPostprocessing = 0;
		};
/* End PBXResourcesBuildPhase section */

/* Begin PBXSourcesBuildPhase section */
		20D3722C2AAC63450095041A /* Sources */ = {
			isa = PBXSourcesBuildPhase;
			buildActionMask = 2147483647;
			files = (
				9C7FB17B2AC042D600E38076 /* NetworkManager.swift in Sources */,
				9C269FA42ABDD16400B363F1 /* HeaderSectionModel.swift in Sources */,
				9C2C641D2AB474BC003F0B73 /* AuthorizationViewModel.swift in Sources */,
				9C269FA62ABE199C00B363F1 /* DataSourceManager.swift in Sources */,
				9C269FB52AC00C6800B363F1 /* ChoiseNumbersView.swift in Sources */,
				9C269FA02ABDA45B00B363F1 /* WebViewController.swift in Sources */,
				20D372512AAC83B30095041A /* UIView+Extension.swift in Sources */,
				9C2C643E2ABAD865003F0B73 /* HeaderCollection.swift in Sources */,
				9C2C64312AB99065003F0B73 /* StoreViewController.swift in Sources */,
				9C269FAD2AC0018600B363F1 /* UIColor + Extension.swift in Sources */,
				9C2C64392ABAD235003F0B73 /* CompositionalLayout.swift in Sources */,
				20D372542AADA9E00095041A /* EnterViewController.swift in Sources */,
				9C7FB17D2AC4981E00E38076 /* DiceView.swift in Sources */,
				9C2C641F2AB7298C003F0B73 /* String+Extension.swift in Sources */,
				9C269FAB2AC000F400B363F1 /* FontsEnum.swift in Sources */,
				9C2C640D2AB3028A003F0B73 /* SessionState.swift in Sources */,
				9C2C64332AB9979C003F0B73 /* AddProductsViewController.swift in Sources */,
				9CE132352AAEF0F500527002 /* ChoiseRequestNumbersViewController.swift in Sources */,
				9C269FB32AC0052C00B363F1 /* DescriptionNumberViewController.swift in Sources */,
				9C2C644F2ABB1F9A003F0B73 /* Notification+Extension.swift in Sources */,
				9C2C64122AB30A94003F0B73 /* AuthorizeError.swift in Sources */,
				9C2C642B2AB8CEBC003F0B73 /* SignInAppleIDHelper.swift in Sources */,
				9C2C64262AB8B20C003F0B73 /* SignInWithAppleResult.swift in Sources */,
				202B020F2AB22F81004C70AF /* UserProfile.swift in Sources */,
				9C2C64372AB9F65F003F0B73 /* AddProductViewModel.swift in Sources */,
				9C2C643C2ABAD57F003F0B73 /* ProductCell.swift in Sources */,
				9C2C64442ABADDEE003F0B73 /* ProductModel.swift in Sources */,
				9C2C64402ABADBB9003F0B73 /* StoreCollectionViewModel.swift in Sources */,
				20D372382AAC63450095041A /* AuthorisedViewController.swift in Sources */,
				9C2C644D2ABB0D61003F0B73 /* DatabaseService.swift in Sources */,
				9C2C64462ABB05C2003F0B73 /* StorageService.swift in Sources */,
				9C2C641B2AB4376A003F0B73 /* ProfileViewController.swift in Sources */,
				20D3724C2AAC68E50095041A /* AuthorisedView.swift in Sources */,
				9C7FB17F2AC56F5800E38076 /* StoreErrors.swift in Sources */,
				20D372342AAC63450095041A /* AppDelegate.swift in Sources */,
				9C2C640B2AB301B4003F0B73 /* AuthorizationService.swift in Sources */,
				20D372362AAC63450095041A /* SceneDelegate.swift in Sources */,
				20D3724F2AAC7AAD0095041A /* TitleConstants.swift in Sources */,
				9C269F9E2ABD9C2600B363F1 /* FileManagerService.swift in Sources */,
				9C2C64102AB30704003F0B73 /* ViewController + Alert.swift in Sources */,
				9C269FAF2AC001D200B363F1 /* ValidateRequestManager.swift in Sources */,
				9CE132332AAE3C0100527002 /* ImageConstants.swift in Sources */,
				9C2C64082AAF3EFF003F0B73 /* TextField + Extension.swift in Sources */,
			);
			runOnlyForDeploymentPostprocessing = 0;
		};
		9C07962C2AC9F7A5002E91F3 /* Sources */ = {
			isa = PBXSourcesBuildPhase;
			buildActionMask = 2147483647;
			files = (
				9C0796332AC9F7A5002E91F3 /* AuthorizedViewModelTest.swift in Sources */,
			);
			runOnlyForDeploymentPostprocessing = 0;
		};
		9CDC39F32ACEFF19006B5DB3 /* Sources */ = {
			isa = PBXSourcesBuildPhase;
			buildActionMask = 2147483647;
			files = (
				9CDC39FA2ACEFF19006B5DB3 /* Interesting_NumbersUITests.swift in Sources */,
			);
			runOnlyForDeploymentPostprocessing = 0;
		};
/* End PBXSourcesBuildPhase section */

/* Begin PBXTargetDependency section */
		9C0796352AC9F7A5002E91F3 /* PBXTargetDependency */ = {
			isa = PBXTargetDependency;
			target = 20D3722F2AAC63450095041A /* Interesting_Numbers */;
			targetProxy = 9C0796342AC9F7A5002E91F3 /* PBXContainerItemProxy */;
		};
		9CDC39FE2ACEFF19006B5DB3 /* PBXTargetDependency */ = {
			isa = PBXTargetDependency;
			target = 20D3722F2AAC63450095041A /* Interesting_Numbers */;
			targetProxy = 9CDC39FD2ACEFF19006B5DB3 /* PBXContainerItemProxy */;
		};
/* End PBXTargetDependency section */

/* Begin PBXVariantGroup section */
		20D3723E2AAC63480095041A /* LaunchScreen.storyboard */ = {
			isa = PBXVariantGroup;
			children = (
				20D3723F2AAC63480095041A /* Base */,
			);
			name = LaunchScreen.storyboard;
			sourceTree = "<group>";
		};
/* End PBXVariantGroup section */

/* Begin XCBuildConfiguration section */
		20D372422AAC63480095041A /* Debug */ = {
			isa = XCBuildConfiguration;
			buildSettings = {
				ALWAYS_SEARCH_USER_PATHS = NO;
				CLANG_ANALYZER_NONNULL = YES;
				CLANG_ANALYZER_NUMBER_OBJECT_CONVERSION = YES_AGGRESSIVE;
				CLANG_CXX_LANGUAGE_STANDARD = "gnu++20";
				CLANG_ENABLE_MODULES = YES;
				CLANG_ENABLE_OBJC_ARC = YES;
				CLANG_ENABLE_OBJC_WEAK = YES;
				CLANG_WARN_BLOCK_CAPTURE_AUTORELEASING = YES;
				CLANG_WARN_BOOL_CONVERSION = YES;
				CLANG_WARN_COMMA = YES;
				CLANG_WARN_CONSTANT_CONVERSION = YES;
				CLANG_WARN_DEPRECATED_OBJC_IMPLEMENTATIONS = YES;
				CLANG_WARN_DIRECT_OBJC_ISA_USAGE = YES_ERROR;
				CLANG_WARN_DOCUMENTATION_COMMENTS = YES;
				CLANG_WARN_EMPTY_BODY = YES;
				CLANG_WARN_ENUM_CONVERSION = YES;
				CLANG_WARN_INFINITE_RECURSION = YES;
				CLANG_WARN_INT_CONVERSION = YES;
				CLANG_WARN_NON_LITERAL_NULL_CONVERSION = YES;
				CLANG_WARN_OBJC_IMPLICIT_RETAIN_SELF = YES;
				CLANG_WARN_OBJC_LITERAL_CONVERSION = YES;
				CLANG_WARN_OBJC_ROOT_CLASS = YES_ERROR;
				CLANG_WARN_QUOTED_INCLUDE_IN_FRAMEWORK_HEADER = YES;
				CLANG_WARN_RANGE_LOOP_ANALYSIS = YES;
				CLANG_WARN_STRICT_PROTOTYPES = YES;
				CLANG_WARN_SUSPICIOUS_MOVE = YES;
				CLANG_WARN_UNGUARDED_AVAILABILITY = YES_AGGRESSIVE;
				CLANG_WARN_UNREACHABLE_CODE = YES;
				CLANG_WARN__DUPLICATE_METHOD_MATCH = YES;
				COPY_PHASE_STRIP = NO;
				DEBUG_INFORMATION_FORMAT = dwarf;
				ENABLE_STRICT_OBJC_MSGSEND = YES;
				ENABLE_TESTABILITY = YES;
				GCC_C_LANGUAGE_STANDARD = gnu11;
				GCC_DYNAMIC_NO_PIC = NO;
				GCC_NO_COMMON_BLOCKS = YES;
				GCC_OPTIMIZATION_LEVEL = 0;
				GCC_PREPROCESSOR_DEFINITIONS = (
					"DEBUG=1",
					"$(inherited)",
				);
				GCC_WARN_64_TO_32_BIT_CONVERSION = YES;
				GCC_WARN_ABOUT_RETURN_TYPE = YES_ERROR;
				GCC_WARN_UNDECLARED_SELECTOR = YES;
				GCC_WARN_UNINITIALIZED_AUTOS = YES_AGGRESSIVE;
				GCC_WARN_UNUSED_FUNCTION = YES;
				GCC_WARN_UNUSED_VARIABLE = YES;
				IPHONEOS_DEPLOYMENT_TARGET = 16.4;
				MTL_ENABLE_DEBUG_INFO = INCLUDE_SOURCE;
				MTL_FAST_MATH = YES;
				ONLY_ACTIVE_ARCH = YES;
				SDKROOT = iphoneos;
				SWIFT_ACTIVE_COMPILATION_CONDITIONS = DEBUG;
				SWIFT_OPTIMIZATION_LEVEL = "-Onone";
			};
			name = Debug;
		};
		20D372432AAC63480095041A /* Release */ = {
			isa = XCBuildConfiguration;
			buildSettings = {
				ALWAYS_SEARCH_USER_PATHS = NO;
				CLANG_ANALYZER_NONNULL = YES;
				CLANG_ANALYZER_NUMBER_OBJECT_CONVERSION = YES_AGGRESSIVE;
				CLANG_CXX_LANGUAGE_STANDARD = "gnu++20";
				CLANG_ENABLE_MODULES = YES;
				CLANG_ENABLE_OBJC_ARC = YES;
				CLANG_ENABLE_OBJC_WEAK = YES;
				CLANG_WARN_BLOCK_CAPTURE_AUTORELEASING = YES;
				CLANG_WARN_BOOL_CONVERSION = YES;
				CLANG_WARN_COMMA = YES;
				CLANG_WARN_CONSTANT_CONVERSION = YES;
				CLANG_WARN_DEPRECATED_OBJC_IMPLEMENTATIONS = YES;
				CLANG_WARN_DIRECT_OBJC_ISA_USAGE = YES_ERROR;
				CLANG_WARN_DOCUMENTATION_COMMENTS = YES;
				CLANG_WARN_EMPTY_BODY = YES;
				CLANG_WARN_ENUM_CONVERSION = YES;
				CLANG_WARN_INFINITE_RECURSION = YES;
				CLANG_WARN_INT_CONVERSION = YES;
				CLANG_WARN_NON_LITERAL_NULL_CONVERSION = YES;
				CLANG_WARN_OBJC_IMPLICIT_RETAIN_SELF = YES;
				CLANG_WARN_OBJC_LITERAL_CONVERSION = YES;
				CLANG_WARN_OBJC_ROOT_CLASS = YES_ERROR;
				CLANG_WARN_QUOTED_INCLUDE_IN_FRAMEWORK_HEADER = YES;
				CLANG_WARN_RANGE_LOOP_ANALYSIS = YES;
				CLANG_WARN_STRICT_PROTOTYPES = YES;
				CLANG_WARN_SUSPICIOUS_MOVE = YES;
				CLANG_WARN_UNGUARDED_AVAILABILITY = YES_AGGRESSIVE;
				CLANG_WARN_UNREACHABLE_CODE = YES;
				CLANG_WARN__DUPLICATE_METHOD_MATCH = YES;
				COPY_PHASE_STRIP = NO;
				DEBUG_INFORMATION_FORMAT = "dwarf-with-dsym";
				ENABLE_NS_ASSERTIONS = NO;
				ENABLE_STRICT_OBJC_MSGSEND = YES;
				GCC_C_LANGUAGE_STANDARD = gnu11;
				GCC_NO_COMMON_BLOCKS = YES;
				GCC_WARN_64_TO_32_BIT_CONVERSION = YES;
				GCC_WARN_ABOUT_RETURN_TYPE = YES_ERROR;
				GCC_WARN_UNDECLARED_SELECTOR = YES;
				GCC_WARN_UNINITIALIZED_AUTOS = YES_AGGRESSIVE;
				GCC_WARN_UNUSED_FUNCTION = YES;
				GCC_WARN_UNUSED_VARIABLE = YES;
				IPHONEOS_DEPLOYMENT_TARGET = 16.4;
				MTL_ENABLE_DEBUG_INFO = NO;
				MTL_FAST_MATH = YES;
				SDKROOT = iphoneos;
				SWIFT_COMPILATION_MODE = wholemodule;
				SWIFT_OPTIMIZATION_LEVEL = "-O";
				VALIDATE_PRODUCT = YES;
			};
			name = Release;
		};
		20D372452AAC63480095041A /* Debug */ = {
			isa = XCBuildConfiguration;
			buildSettings = {
				ASSETCATALOG_COMPILER_APPICON_NAME = AppIcon;
				ASSETCATALOG_COMPILER_GLOBAL_ACCENT_COLOR_NAME = AccentColor;
				CODE_SIGN_ENTITLEMENTS = Interesting_Numbers.entitlements;
				CODE_SIGN_IDENTITY = "Apple Development";
				CODE_SIGN_STYLE = Automatic;
				CURRENT_PROJECT_VERSION = 1;
				DEVELOPMENT_TEAM = 87U58BP9D2;
				GENERATE_INFOPLIST_FILE = YES;
				INFOPLIST_FILE = InterestingNumbers/Resources/Info.plist;
				INFOPLIST_KEY_LSSupportsOpeningDocumentsInPlace = YES;
				INFOPLIST_KEY_UIApplicationSupportsIndirectInputEvents = YES;
				INFOPLIST_KEY_UILaunchStoryboardName = LaunchScreen;
				INFOPLIST_KEY_UISupportedInterfaceOrientations = UIInterfaceOrientationPortrait;
				LD_RUNPATH_SEARCH_PATHS = (
					"$(inherited)",
					"@executable_path/Frameworks",
				);
				MARKETING_VERSION = 1.0;
				PRODUCT_BUNDLE_IDENTIFIER = "sud.Interesting-Numbers.SignIn";
				PRODUCT_NAME = "$(TARGET_NAME)";
				PROVISIONING_PROFILE_SPECIFIER = "";
				SUPPORTED_PLATFORMS = "iphoneos iphonesimulator";
				SUPPORTS_MACCATALYST = NO;
				SUPPORTS_MAC_DESIGNED_FOR_IPHONE_IPAD = NO;
				SWIFT_EMIT_LOC_STRINGS = YES;
				SWIFT_VERSION = 5.0;
				TARGETED_DEVICE_FAMILY = "1,2";
			};
			name = Debug;
		};
		20D372462AAC63480095041A /* Release */ = {
			isa = XCBuildConfiguration;
			buildSettings = {
				ASSETCATALOG_COMPILER_APPICON_NAME = AppIcon;
				ASSETCATALOG_COMPILER_GLOBAL_ACCENT_COLOR_NAME = AccentColor;
				CODE_SIGN_ENTITLEMENTS = Interesting_Numbers.entitlements;
				CODE_SIGN_IDENTITY = "Apple Development";
				CODE_SIGN_STYLE = Automatic;
				CURRENT_PROJECT_VERSION = 1;
				DEVELOPMENT_TEAM = 87U58BP9D2;
				GENERATE_INFOPLIST_FILE = YES;
				INFOPLIST_FILE = InterestingNumbers/Resources/Info.plist;
				INFOPLIST_KEY_LSSupportsOpeningDocumentsInPlace = YES;
				INFOPLIST_KEY_UIApplicationSupportsIndirectInputEvents = YES;
				INFOPLIST_KEY_UILaunchStoryboardName = LaunchScreen;
				INFOPLIST_KEY_UISupportedInterfaceOrientations = UIInterfaceOrientationPortrait;
				LD_RUNPATH_SEARCH_PATHS = (
					"$(inherited)",
					"@executable_path/Frameworks",
				);
				MARKETING_VERSION = 1.0;
				PRODUCT_BUNDLE_IDENTIFIER = "sud.Interesting-Numbers.SignIn";
				PRODUCT_NAME = "$(TARGET_NAME)";
				PROVISIONING_PROFILE_SPECIFIER = "";
				SUPPORTED_PLATFORMS = "iphoneos iphonesimulator";
				SUPPORTS_MACCATALYST = NO;
				SUPPORTS_MAC_DESIGNED_FOR_IPHONE_IPAD = NO;
				SWIFT_EMIT_LOC_STRINGS = YES;
				SWIFT_VERSION = 5.0;
				TARGETED_DEVICE_FAMILY = "1,2";
			};
			name = Release;
		};
		9C0796362AC9F7A5002E91F3 /* Debug */ = {
			isa = XCBuildConfiguration;
			buildSettings = {
				BUNDLE_LOADER = "$(TEST_HOST)";
				CODE_SIGN_STYLE = Automatic;
				CURRENT_PROJECT_VERSION = 1;
				DEVELOPMENT_TEAM = P54RYJ8289;
				GENERATE_INFOPLIST_FILE = YES;
				MARKETING_VERSION = 1.0;
				PRODUCT_BUNDLE_IDENTIFIER = "yuraLearn.Interesting-NumbersTests";
				PRODUCT_NAME = "$(TARGET_NAME)";
				SWIFT_EMIT_LOC_STRINGS = NO;
				SWIFT_VERSION = 5.0;
				TARGETED_DEVICE_FAMILY = "1,2";
				TEST_HOST = "$(BUILT_PRODUCTS_DIR)/Interesting_Numbers.app/$(BUNDLE_EXECUTABLE_FOLDER_PATH)/Interesting_Numbers";
			};
			name = Debug;
		};
		9C0796372AC9F7A5002E91F3 /* Release */ = {
			isa = XCBuildConfiguration;
			buildSettings = {
				BUNDLE_LOADER = "$(TEST_HOST)";
				CODE_SIGN_STYLE = Automatic;
				CURRENT_PROJECT_VERSION = 1;
				DEVELOPMENT_TEAM = P54RYJ8289;
				GENERATE_INFOPLIST_FILE = YES;
				MARKETING_VERSION = 1.0;
				PRODUCT_BUNDLE_IDENTIFIER = "yuraLearn.Interesting-NumbersTests";
				PRODUCT_NAME = "$(TARGET_NAME)";
				SWIFT_EMIT_LOC_STRINGS = NO;
				SWIFT_VERSION = 5.0;
				TARGETED_DEVICE_FAMILY = "1,2";
				TEST_HOST = "$(BUILT_PRODUCTS_DIR)/Interesting_Numbers.app/$(BUNDLE_EXECUTABLE_FOLDER_PATH)/Interesting_Numbers";
			};
			name = Release;
		};
		9CDC3A002ACEFF19006B5DB3 /* Debug */ = {
			isa = XCBuildConfiguration;
			buildSettings = {
				CODE_SIGN_STYLE = Automatic;
				CURRENT_PROJECT_VERSION = 1;
				DEVELOPMENT_TEAM = P54RYJ8289;
				GENERATE_INFOPLIST_FILE = YES;
				MARKETING_VERSION = 1.0;
				PRODUCT_BUNDLE_IDENTIFIER = "yuraLearn.Interesting-NumbersUITests";
				PRODUCT_NAME = "$(TARGET_NAME)";
				SWIFT_EMIT_LOC_STRINGS = NO;
				SWIFT_VERSION = 5.0;
				TARGETED_DEVICE_FAMILY = "1,2";
				TEST_TARGET_NAME = Interesting_Numbers;
			};
			name = Debug;
		};
		9CDC3A012ACEFF19006B5DB3 /* Release */ = {
			isa = XCBuildConfiguration;
			buildSettings = {
				CODE_SIGN_STYLE = Automatic;
				CURRENT_PROJECT_VERSION = 1;
				DEVELOPMENT_TEAM = P54RYJ8289;
				GENERATE_INFOPLIST_FILE = YES;
				MARKETING_VERSION = 1.0;
				PRODUCT_BUNDLE_IDENTIFIER = "yuraLearn.Interesting-NumbersUITests";
				PRODUCT_NAME = "$(TARGET_NAME)";
				SWIFT_EMIT_LOC_STRINGS = NO;
				SWIFT_VERSION = 5.0;
				TARGETED_DEVICE_FAMILY = "1,2";
				TEST_TARGET_NAME = Interesting_Numbers;
			};
			name = Release;
		};
/* End XCBuildConfiguration section */

/* Begin XCConfigurationList section */
		20D3722B2AAC63450095041A /* Build configuration list for PBXProject "Interesting_Numbers" */ = {
			isa = XCConfigurationList;
			buildConfigurations = (
				20D372422AAC63480095041A /* Debug */,
				20D372432AAC63480095041A /* Release */,
			);
			defaultConfigurationIsVisible = 0;
			defaultConfigurationName = Release;
		};
		20D372442AAC63480095041A /* Build configuration list for PBXNativeTarget "Interesting_Numbers" */ = {
			isa = XCConfigurationList;
			buildConfigurations = (
				20D372452AAC63480095041A /* Debug */,
				20D372462AAC63480095041A /* Release */,
			);
			defaultConfigurationIsVisible = 0;
			defaultConfigurationName = Release;
		};
		9C0796382AC9F7A5002E91F3 /* Build configuration list for PBXNativeTarget "Interesting_NumbersTests" */ = {
			isa = XCConfigurationList;
			buildConfigurations = (
				9C0796362AC9F7A5002E91F3 /* Debug */,
				9C0796372AC9F7A5002E91F3 /* Release */,
			);
			defaultConfigurationIsVisible = 0;
			defaultConfigurationName = Release;
		};
		9CDC39FF2ACEFF19006B5DB3 /* Build configuration list for PBXNativeTarget "Interesting_NumbersUITests" */ = {
			isa = XCConfigurationList;
			buildConfigurations = (
				9CDC3A002ACEFF19006B5DB3 /* Debug */,
				9CDC3A012ACEFF19006B5DB3 /* Release */,
			);
			defaultConfigurationIsVisible = 0;
			defaultConfigurationName = Release;
		};
/* End XCConfigurationList section */

/* Begin XCRemoteSwiftPackageReference section */
		202B01FE2AB1AF38004C70AF /* XCRemoteSwiftPackageReference "firebase-ios-sdk" */ = {
			isa = XCRemoteSwiftPackageReference;
			repositoryURL = "https://github.com/firebase/firebase-ios-sdk";
			requirement = {
				kind = upToNextMajorVersion;
				minimumVersion = 10.0.0;
			};
		};
		9C269FA72ABECDCB00B363F1 /* XCRemoteSwiftPackageReference "SDWebImage" */ = {
			isa = XCRemoteSwiftPackageReference;
			repositoryURL = "https://github.com/SDWebImage/SDWebImage.git";
			requirement = {
				kind = upToNextMajorVersion;
				minimumVersion = 5.0.0;
			};
		};
		9C2C64152AB3782C003F0B73 /* XCRemoteSwiftPackageReference "GoogleSignIn-iOS" */ = {
			isa = XCRemoteSwiftPackageReference;
			repositoryURL = "https://github.com/google/GoogleSignIn-iOS";
			requirement = {
				kind = upToNextMajorVersion;
				minimumVersion = 7.0.0;
			};
		};
		9CDC3A1B2ACFFC65006B5DB3 /* XCRemoteSwiftPackageReference "DNDescriptionNumber" */ = {
			isa = XCRemoteSwiftPackageReference;
			repositoryURL = "https://github.com/yuraSud/DNDescriptionNumber";
			requirement = {
				kind = upToNextMajorVersion;
				minimumVersion = 1.0.0;
			};
		};
/* End XCRemoteSwiftPackageReference section */

/* Begin XCSwiftPackageProductDependency section */
		202B01FF2AB1AF38004C70AF /* FirebaseAnalytics */ = {
			isa = XCSwiftPackageProductDependency;
			package = 202B01FE2AB1AF38004C70AF /* XCRemoteSwiftPackageReference "firebase-ios-sdk" */;
			productName = FirebaseAnalytics;
		};
		202B02012AB1AF38004C70AF /* FirebaseAnalyticsWithoutAdIdSupport */ = {
			isa = XCSwiftPackageProductDependency;
			package = 202B01FE2AB1AF38004C70AF /* XCRemoteSwiftPackageReference "firebase-ios-sdk" */;
			productName = FirebaseAnalyticsWithoutAdIdSupport;
		};
		202B02032AB1AF38004C70AF /* FirebaseAuth */ = {
			isa = XCSwiftPackageProductDependency;
			package = 202B01FE2AB1AF38004C70AF /* XCRemoteSwiftPackageReference "firebase-ios-sdk" */;
			productName = FirebaseAuth;
		};
		202B02052AB1AF38004C70AF /* FirebaseDatabase */ = {
			isa = XCSwiftPackageProductDependency;
			package = 202B01FE2AB1AF38004C70AF /* XCRemoteSwiftPackageReference "firebase-ios-sdk" */;
			productName = FirebaseDatabase;
		};
		202B02072AB1AF38004C70AF /* FirebaseFirestore */ = {
			isa = XCSwiftPackageProductDependency;
			package = 202B01FE2AB1AF38004C70AF /* XCRemoteSwiftPackageReference "firebase-ios-sdk" */;
			productName = FirebaseFirestore;
		};
		202B020C2AB1E27D004C70AF /* FirebaseFirestoreSwift */ = {
			isa = XCSwiftPackageProductDependency;
			package = 202B01FE2AB1AF38004C70AF /* XCRemoteSwiftPackageReference "firebase-ios-sdk" */;
			productName = FirebaseFirestoreSwift;
		};
		9C0796392AC9FB36002E91F3 /* FirebaseAnalytics */ = {
			isa = XCSwiftPackageProductDependency;
			package = 202B01FE2AB1AF38004C70AF /* XCRemoteSwiftPackageReference "firebase-ios-sdk" */;
			productName = FirebaseAnalytics;
		};
		9C07963D2AC9FB42002E91F3 /* FirebaseAppCheck */ = {
			isa = XCSwiftPackageProductDependency;
			package = 202B01FE2AB1AF38004C70AF /* XCRemoteSwiftPackageReference "firebase-ios-sdk" */;
			productName = FirebaseAppCheck;
		};
		9C07963F2AC9FB4B002E91F3 /* FirebaseAppDistribution-Beta */ = {
			isa = XCSwiftPackageProductDependency;
			package = 202B01FE2AB1AF38004C70AF /* XCRemoteSwiftPackageReference "firebase-ios-sdk" */;
			productName = "FirebaseAppDistribution-Beta";
		};
		9C0796412AC9FB4F002E91F3 /* FirebaseAuth */ = {
			isa = XCSwiftPackageProductDependency;
			package = 202B01FE2AB1AF38004C70AF /* XCRemoteSwiftPackageReference "firebase-ios-sdk" */;
			productName = FirebaseAuth;
		};
		9C0796432AC9FB54002E91F3 /* FirebaseAuthCombine-Community */ = {
			isa = XCSwiftPackageProductDependency;
			package = 202B01FE2AB1AF38004C70AF /* XCRemoteSwiftPackageReference "firebase-ios-sdk" */;
			productName = "FirebaseAuthCombine-Community";
		};
		9C0796452AC9FB59002E91F3 /* FirebaseCrashlytics */ = {
			isa = XCSwiftPackageProductDependency;
			package = 202B01FE2AB1AF38004C70AF /* XCRemoteSwiftPackageReference "firebase-ios-sdk" */;
			productName = FirebaseCrashlytics;
		};
		9C0796472AC9FB5F002E91F3 /* FirebaseDatabase */ = {
			isa = XCSwiftPackageProductDependency;
			package = 202B01FE2AB1AF38004C70AF /* XCRemoteSwiftPackageReference "firebase-ios-sdk" */;
			productName = FirebaseDatabase;
		};
		9C0796492AC9FB67002E91F3 /* FirebaseFirestore */ = {
			isa = XCSwiftPackageProductDependency;
			package = 202B01FE2AB1AF38004C70AF /* XCRemoteSwiftPackageReference "firebase-ios-sdk" */;
			productName = FirebaseFirestore;
		};
		9C07964B2AC9FB6B002E91F3 /* FirebaseDynamicLinks */ = {
			isa = XCSwiftPackageProductDependency;
			package = 202B01FE2AB1AF38004C70AF /* XCRemoteSwiftPackageReference "firebase-ios-sdk" */;
			productName = FirebaseDynamicLinks;
		};
		9C07964D2AC9FB72002E91F3 /* FirebaseFirestoreSwift */ = {
			isa = XCSwiftPackageProductDependency;
			package = 202B01FE2AB1AF38004C70AF /* XCRemoteSwiftPackageReference "firebase-ios-sdk" */;
			productName = FirebaseFirestoreSwift;
		};
		9C07964F2AC9FB76002E91F3 /* FirebaseFunctions */ = {
			isa = XCSwiftPackageProductDependency;
			package = 202B01FE2AB1AF38004C70AF /* XCRemoteSwiftPackageReference "firebase-ios-sdk" */;
			productName = FirebaseFunctions;
		};
		9C0796512AC9FB7E002E91F3 /* FirebaseInAppMessagingSwift-Beta */ = {
			isa = XCSwiftPackageProductDependency;
			package = 202B01FE2AB1AF38004C70AF /* XCRemoteSwiftPackageReference "firebase-ios-sdk" */;
			productName = "FirebaseInAppMessagingSwift-Beta";
		};
		9C0796532AC9FB8B002E91F3 /* GoogleSignIn */ = {
			isa = XCSwiftPackageProductDependency;
			package = 9C2C64152AB3782C003F0B73 /* XCRemoteSwiftPackageReference "GoogleSignIn-iOS" */;
			productName = GoogleSignIn;
		};
		9C0796552AC9FB93002E91F3 /* GoogleSignInSwift */ = {
			isa = XCSwiftPackageProductDependency;
			package = 9C2C64152AB3782C003F0B73 /* XCRemoteSwiftPackageReference "GoogleSignIn-iOS" */;
			productName = GoogleSignInSwift;
		};
		9C0796572AC9FB9C002E91F3 /* SDWebImage */ = {
			isa = XCSwiftPackageProductDependency;
			package = 9C269FA72ABECDCB00B363F1 /* XCRemoteSwiftPackageReference "SDWebImage" */;
			productName = SDWebImage;
		};
		9C0796592AC9FBA2002E91F3 /* SDWebImageMapKit */ = {
			isa = XCSwiftPackageProductDependency;
			package = 9C269FA72ABECDCB00B363F1 /* XCRemoteSwiftPackageReference "SDWebImage" */;
			productName = SDWebImageMapKit;
		};
		9C269FA82ABECDCC00B363F1 /* SDWebImage */ = {
			isa = XCSwiftPackageProductDependency;
			package = 9C269FA72ABECDCB00B363F1 /* XCRemoteSwiftPackageReference "SDWebImage" */;
			productName = SDWebImage;
		};
		9C2C64162AB3782C003F0B73 /* GoogleSignIn */ = {
			isa = XCSwiftPackageProductDependency;
			package = 9C2C64152AB3782C003F0B73 /* XCRemoteSwiftPackageReference "GoogleSignIn-iOS" */;
			productName = GoogleSignIn;
		};
		9C2C64182AB3782C003F0B73 /* GoogleSignInSwift */ = {
			isa = XCSwiftPackageProductDependency;
			package = 9C2C64152AB3782C003F0B73 /* XCRemoteSwiftPackageReference "GoogleSignIn-iOS" */;
			productName = GoogleSignInSwift;
		};
		9C2C64482ABB0622003F0B73 /* FirebaseStorage */ = {
			isa = XCSwiftPackageProductDependency;
			package = 202B01FE2AB1AF38004C70AF /* XCRemoteSwiftPackageReference "firebase-ios-sdk" */;
			productName = FirebaseStorage;
		};
		9C2C644A2ABB062A003F0B73 /* FirebaseStorageCombine-Community */ = {
			isa = XCSwiftPackageProductDependency;
			package = 202B01FE2AB1AF38004C70AF /* XCRemoteSwiftPackageReference "firebase-ios-sdk" */;
			productName = "FirebaseStorageCombine-Community";
		};
		9CDC3A022ACEFFE7006B5DB3 /* FirebaseAuth */ = {
			isa = XCSwiftPackageProductDependency;
			package = 202B01FE2AB1AF38004C70AF /* XCRemoteSwiftPackageReference "firebase-ios-sdk" */;
			productName = FirebaseAuth;
		};
		9CDC3A042ACEFFEC006B5DB3 /* FirebaseFirestore */ = {
			isa = XCSwiftPackageProductDependency;
			package = 202B01FE2AB1AF38004C70AF /* XCRemoteSwiftPackageReference "firebase-ios-sdk" */;
			productName = FirebaseFirestore;
		};
		9CDC3A062ACEFFF2006B5DB3 /* FirebaseFirestoreSwift */ = {
			isa = XCSwiftPackageProductDependency;
			package = 202B01FE2AB1AF38004C70AF /* XCRemoteSwiftPackageReference "firebase-ios-sdk" */;
			productName = FirebaseFirestoreSwift;
		};
		9CDC3A082ACEFFF9006B5DB3 /* GoogleSignInSwift */ = {
			isa = XCSwiftPackageProductDependency;
			package = 9C2C64152AB3782C003F0B73 /* XCRemoteSwiftPackageReference "GoogleSignIn-iOS" */;
			productName = GoogleSignInSwift;
		};
		9CDC3A0A2ACEFFFE006B5DB3 /* GoogleSignIn */ = {
			isa = XCSwiftPackageProductDependency;
			package = 9C2C64152AB3782C003F0B73 /* XCRemoteSwiftPackageReference "GoogleSignIn-iOS" */;
			productName = GoogleSignIn;
		};
		9CDC3A0C2ACF0006006B5DB3 /* FirebaseStorage */ = {
			isa = XCSwiftPackageProductDependency;
			package = 202B01FE2AB1AF38004C70AF /* XCRemoteSwiftPackageReference "firebase-ios-sdk" */;
			productName = FirebaseStorage;
		};
		9CDC3A0E2ACF0024006B5DB3 /* SDWebImage */ = {
			isa = XCSwiftPackageProductDependency;
			package = 9C269FA72ABECDCB00B363F1 /* XCRemoteSwiftPackageReference "SDWebImage" */;
			productName = SDWebImage;
		};
		9CDC3A102ACF0029006B5DB3 /* SDWebImageMapKit */ = {
			isa = XCSwiftPackageProductDependency;
			package = 9C269FA72ABECDCB00B363F1 /* XCRemoteSwiftPackageReference "SDWebImage" */;
			productName = SDWebImageMapKit;
		};
		9CDC3A1C2ACFFC65006B5DB3 /* DescriptionNumber */ = {
			isa = XCSwiftPackageProductDependency;
			package = 9CDC3A1B2ACFFC65006B5DB3 /* XCRemoteSwiftPackageReference "DNDescriptionNumber" */;
			productName = DescriptionNumber;
		};
		9CDC3A1E2ACFFC81006B5DB3 /* DescriptionNumber */ = {
			isa = XCSwiftPackageProductDependency;
			package = 9CDC3A1B2ACFFC65006B5DB3 /* XCRemoteSwiftPackageReference "DNDescriptionNumber" */;
			productName = DescriptionNumber;
		};
		9CDC3A202ACFFC89006B5DB3 /* DescriptionNumber */ = {
			isa = XCSwiftPackageProductDependency;
			package = 9CDC3A1B2ACFFC65006B5DB3 /* XCRemoteSwiftPackageReference "DNDescriptionNumber" */;
			productName = DescriptionNumber;
		};
/* End XCSwiftPackageProductDependency section */
	};
	rootObject = 20D372282AAC63450095041A /* Project object */;
}
